// !$*UTF8*$!
{
	archiveVersion = 1;
	classes = {
	};
	objectVersion = 46;
	objects = {

/* Begin PBXBuildFile section */
		363DA0BF15C097AC00347AB2 /* FeatureDetectionSample.cpp in Sources */ = {isa = PBXBuildFile; fileRef = 363DA0BE15C097AC00347AB2 /* FeatureDetectionSample.cpp */; };
		3641571D15C287AA00F80FFB /* DetectTrackSampleIcon.png in Resources */ = {isa = PBXBuildFile; fileRef = 3641571C15C287AA00F80FFB /* DetectTrackSampleIcon.png */; };
		3641572115C2880E00F80FFB /* DetectTrackSample.cpp in Sources */ = {isa = PBXBuildFile; fileRef = 3641572015C2880E00F80FFB /* DetectTrackSample.cpp */; };
		369F2C2415C1A3C70032BD08 /* ObjectTrackingClass.cpp in Sources */ = {isa = PBXBuildFile; fileRef = 369F2C2315C1A3C70032BD08 /* ObjectTrackingClass.cpp */; };
		369F2C2815C1A3F00032BD08 /* ObjectTrackingSample.cpp in Sources */ = {isa = PBXBuildFile; fileRef = 369F2C2715C1A3EF0032BD08 /* ObjectTrackingSample.cpp */; };
		369F2C2A15C1A4950032BD08 /* ObjectTrackingSampleIcon.png in Resources */ = {isa = PBXBuildFile; fileRef = 369F2C2915C1A4950032BD08 /* ObjectTrackingSampleIcon.png */; };
		369F2C2C15C1A5290032BD08 /* FeatureDetectionSampleIcon.png in Resources */ = {isa = PBXBuildFile; fileRef = 369F2C2B15C1A5290032BD08 /* FeatureDetectionSampleIcon.png */; };
		369F2C2F15C1AEE50032BD08 /* Globals.cpp in Sources */ = {isa = PBXBuildFile; fileRef = 369F2C2E15C1AEE50032BD08 /* Globals.cpp */; };
		8A00096F15AD6DF9001EA42D /* OptionCell.mm in Sources */ = {isa = PBXBuildFile; fileRef = 8A00096E15AD6DF9001EA42D /* OptionCell.mm */; };
		8A00097315AE0F0A001EA42D /* OptionsTableView.mm in Sources */ = {isa = PBXBuildFile; fileRef = 8A00097215AE0F09001EA42D /* OptionsTableView.mm */; };
		8A43889A1595DE5800027D3C /* UIKit.framework in Frameworks */ = {isa = PBXBuildFile; fileRef = 8A4388681595BC4F00027D3C /* UIKit.framework */; };
		8A43889B1595DE5800027D3C /* Foundation.framework in Frameworks */ = {isa = PBXBuildFile; fileRef = 8A43886A1595BC4F00027D3C /* Foundation.framework */; };
		8A43889C1595DE5800027D3C /* CoreGraphics.framework in Frameworks */ = {isa = PBXBuildFile; fileRef = 8A43886C1595BC4F00027D3C /* CoreGraphics.framework */; };
		8A4388A81595DE5800027D3C /* AppDelegate.mm in Sources */ = {isa = PBXBuildFile; fileRef = 8A4388A71595DE5800027D3C /* AppDelegate.mm */; };
		8A4388AB1595DE5800027D3C /* MainStoryboard_iPhone.storyboard in Resources */ = {isa = PBXBuildFile; fileRef = 8A4388A91595DE5800027D3C /* MainStoryboard_iPhone.storyboard */; };
		8A4388AE1595DE5800027D3C /* MainStoryboard_iPad.storyboard in Resources */ = {isa = PBXBuildFile; fileRef = 8A4388AC1595DE5800027D3C /* MainStoryboard_iPad.storyboard */; };
		8A4388B11595DE5800027D3C /* MasterViewController.mm in Sources */ = {isa = PBXBuildFile; fileRef = 8A4388B01595DE5800027D3C /* MasterViewController.mm */; };
		8A4388B41595DE5800027D3C /* DetailViewController.mm in Sources */ = {isa = PBXBuildFile; fileRef = 8A4388B31595DE5800027D3C /* DetailViewController.mm */; };
		8A4388D21596E0ED00027D3C /* Icon.png in Resources */ = {isa = PBXBuildFile; fileRef = 8A4388D11596E0ED00027D3C /* Icon.png */; };
		8A4388D41596E10600027D3C /* Icon@2x.png in Resources */ = {isa = PBXBuildFile; fileRef = 8A4388D31596E10600027D3C /* Icon@2x.png */; };
		8A4388D61596E11200027D3C /* Icon-72.png in Resources */ = {isa = PBXBuildFile; fileRef = 8A4388D51596E11200027D3C /* Icon-72.png */; };
		8A4388D81596E11700027D3C /* Icon-72@2x.png in Resources */ = {isa = PBXBuildFile; fileRef = 8A4388D71596E11700027D3C /* Icon-72@2x.png */; };
		8A4388DA1597171900027D3C /* EdgeDetectionSample.cpp in Sources */ = {isa = PBXBuildFile; fileRef = 8A4388D91597171900027D3C /* EdgeDetectionSample.cpp */; };
		8A4388DC1597189A00027D3C /* main.mm in Sources */ = {isa = PBXBuildFile; fileRef = 8A4388741595BC4F00027D3C /* main.mm */; };
		8A4388DD159718B100027D3C /* SampleBase.cpp in Sources */ = {isa = PBXBuildFile; fileRef = 8A43888B1595C1F000027D3C /* SampleBase.cpp */; };
		8A4388DE159718B100027D3C /* ContourDetectionSample.cpp in Sources */ = {isa = PBXBuildFile; fileRef = 8A4388911595CAF700027D3C /* ContourDetectionSample.cpp */; };
		8A4388E115971FF200027D3C /* EdgeDetectionSampleIcon.png in Resources */ = {isa = PBXBuildFile; fileRef = 8A4388E015971FF200027D3C /* EdgeDetectionSampleIcon.png */; };
		8A4388E315971FFE00027D3C /* EdgeDetectionSampleIcon~ipad.png in Resources */ = {isa = PBXBuildFile; fileRef = 8A4388E215971FFE00027D3C /* EdgeDetectionSampleIcon~ipad.png */; };
		8A4388E81597B7BB00027D3C /* UIImage2OpenCV.mm in Sources */ = {isa = PBXBuildFile; fileRef = 8A4388E71597B7BB00027D3C /* UIImage2OpenCV.mm */; };
		8A4388EB1597BD9D00027D3C /* ContourDetectionSampleIcon.png in Resources */ = {isa = PBXBuildFile; fileRef = 8A4388E91597BD9D00027D3C /* ContourDetectionSampleIcon.png */; };
		8A4388EC1597BD9D00027D3C /* ContourDetectionSampleIcon@2x.png in Resources */ = {isa = PBXBuildFile; fileRef = 8A4388EA1597BD9D00027D3C /* ContourDetectionSampleIcon@2x.png */; };
		8A4A123D15F68B680096D272 /* DrawingCanvas.cpp in Sources */ = {isa = PBXBuildFile; fileRef = 8A4A123C15F68B680096D272 /* DrawingCanvas.cpp */; };
		8A4C5D7515E2CAEA008887F0 /* ROFSample.cpp in Sources */ = {isa = PBXBuildFile; fileRef = 8A4C5D7015E2CAEA008887F0 /* ROFSample.cpp */; };
		8A4C5D7615E2CAEA008887F0 /* ROFSampleIcon.png in Resources */ = {isa = PBXBuildFile; fileRef = 8A4C5D7215E2CAEA008887F0 /* ROFSampleIcon.png */; };
		8A4C5D7715E2CAEA008887F0 /* totalvariation.cpp in Sources */ = {isa = PBXBuildFile; fileRef = 8A4C5D7315E2CAEA008887F0 /* totalvariation.cpp */; };
		8A66F70A15DA3E2600EF1959 /* DefaultSampleIcon.png in Resources */ = {isa = PBXBuildFile; fileRef = 8A66F70815DA3E2600EF1959 /* DefaultSampleIcon.png */; };
		8A66F70B15DA3E2600EF1959 /* DefaultSampleIcon~ipad.png in Resources */ = {isa = PBXBuildFile; fileRef = 8A66F70915DA3E2600EF1959 /* DefaultSampleIcon~ipad.png */; };
		8A66F71215DA535C00EF1959 /* SampleFacade.mm in Sources */ = {isa = PBXBuildFile; fileRef = 8A66F71115DA535C00EF1959 /* SampleFacade.mm */; };
		8A66F71515DA85BA00EF1959 /* VideoTrackingSampleIcon.png in Resources */ = {isa = PBXBuildFile; fileRef = 8A66F71415DA85BA00EF1959 /* VideoTrackingSampleIcon.png */; };
		8A6E0BD81614946100C1D644 /* FeatureDetectionClass.cpp in Sources */ = {isa = PBXBuildFile; fileRef = 8A6E0BD61614946100C1D644 /* FeatureDetectionClass.cpp */; };
		8A723FC11599AC42008C72DB /* VideoSource.mm in Sources */ = {isa = PBXBuildFile; fileRef = 8A723FC01599AC42008C72DB /* VideoSource.mm */; };
		8A723FC81599B6EE008C72DB /* AVFoundation.framework in Frameworks */ = {isa = PBXBuildFile; fileRef = 8A723FC71599B6EE008C72DB /* AVFoundation.framework */; };
		8A723FCB1599B6F2008C72DB /* GLKit.framework in Frameworks */ = {isa = PBXBuildFile; fileRef = 8A723FC91599B6F2008C72DB /* GLKit.framework */; };
		8A723FCC1599B6F2008C72DB /* OpenGLES.framework in Frameworks */ = {isa = PBXBuildFile; fileRef = 8A723FCA1599B6F2008C72DB /* OpenGLES.framework */; };
		8A723FCF1599B6FC008C72DB /* CoreImage.framework in Frameworks */ = {isa = PBXBuildFile; fileRef = 8A723FCD1599B6FC008C72DB /* CoreImage.framework */; };
		8A723FD01599B6FC008C72DB /* CoreMedia.framework in Frameworks */ = {isa = PBXBuildFile; fileRef = 8A723FCE1599B6FC008C72DB /* CoreMedia.framework */; };
		8A723FD21599B700008C72DB /* QuartzCore.framework in Frameworks */ = {isa = PBXBuildFile; fileRef = 8A723FD11599B700008C72DB /* QuartzCore.framework */; };
		8A723FD41599B70B008C72DB /* CoreVideo.framework in Frameworks */ = {isa = PBXBuildFile; fileRef = 8A723FD31599B70B008C72DB /* CoreVideo.framework */; };
		8A723FDB1599BB74008C72DB /* VideoViewController.mm in Sources */ = {isa = PBXBuildFile; fileRef = 8A723FDA1599BB74008C72DB /* VideoViewController.mm */; };
		8A723FDE1599BB95008C72DB /* GLESImageView.mm in Sources */ = {isa = PBXBuildFile; fileRef = 8A723FDD1599BB95008C72DB /* GLESImageView.mm */; };
		8A79349315A9A3F70043BE99 /* ImageFiltersSample.cpp in Sources */ = {isa = PBXBuildFile; fileRef = 8A79349215A9A3F70043BE99 /* ImageFiltersSample.cpp */; };
		8A79349F15A9ADA20043BE99 /* BooleanTableViewCell.mm in Sources */ = {isa = PBXBuildFile; fileRef = 8A79349E15A9ADA20043BE99 /* BooleanTableViewCell.mm */; };
		8A7934A815AB47070043BE99 /* SampleOptionsTableViewDelegate.mm in Sources */ = {isa = PBXBuildFile; fileRef = 8A7934A715AB47060043BE99 /* SampleOptionsTableViewDelegate.mm */; };
		8A7934AB15AB48C80043BE99 /* NSString+StdString.mm in Sources */ = {isa = PBXBuildFile; fileRef = 8A7934AA15AB48C80043BE99 /* NSString+StdString.mm */; };
		8A7934AE15AB4B750043BE99 /* SampleOptions.cpp in Sources */ = {isa = PBXBuildFile; fileRef = 8A7934AD15AB4B750043BE99 /* SampleOptions.cpp */; };
		8A7934BD15AB5C5A0043BE99 /* BooleanTableViewCell.xib in Resources */ = {isa = PBXBuildFile; fileRef = 8A7934BC15AB5C5A0043BE99 /* BooleanTableViewCell.xib */; };
		8A7934BF15AB5CB20043BE99 /* FloatTableViewCell.xib in Resources */ = {isa = PBXBuildFile; fileRef = 8A7934BE15AB5CB20043BE99 /* FloatTableViewCell.xib */; };
		8A7934C115AB5D490043BE99 /* Int32TableViewCell.xib in Resources */ = {isa = PBXBuildFile; fileRef = 8A7934C015AB5D490043BE99 /* Int32TableViewCell.xib */; };
		8A7934C315AB5D560043BE99 /* EnumTableViewCell.xib in Resources */ = {isa = PBXBuildFile; fileRef = 8A7934C215AB5D560043BE99 /* EnumTableViewCell.xib */; };
		8A7934C715AB5E2F0043BE99 /* Int32TableViewCell.mm in Sources */ = {isa = PBXBuildFile; fileRef = 8A7934C615AB5E2F0043BE99 /* Int32TableViewCell.mm */; };
		8A7934CA15AB5E3A0043BE99 /* FloatTableViewCell.mm in Sources */ = {isa = PBXBuildFile; fileRef = 8A7934C915AB5E390043BE99 /* FloatTableViewCell.mm */; };
		8A7934CD15AB5E440043BE99 /* EnumTableViewCell.mm in Sources */ = {isa = PBXBuildFile; fileRef = 8A7934CC15AB5E440043BE99 /* EnumTableViewCell.mm */; };
		8AA7F85115A462400052C95A /* FPSCalculator.mm in Sources */ = {isa = PBXBuildFile; fileRef = 8AA7F85015A462400052C95A /* FPSCalculator.mm */; };
		8AB6D01615B02A030029641C /* DummyVideoSource.mm in Sources */ = {isa = PBXBuildFile; fileRef = 8AB6D01515B02A030029641C /* DummyVideoSource.mm */; };
		8AB6D02015B54D450029641C /* cog_01.png in Resources */ = {isa = PBXBuildFile; fileRef = 8AB6D01E15B54D450029641C /* cog_01.png */; };
		8AB6D02115B54D450029641C /* cog_02.png in Resources */ = {isa = PBXBuildFile; fileRef = 8AB6D01F15B54D450029641C /* cog_02.png */; };
		8AB6D02415B54D540029641C /* cog_01@2x.png in Resources */ = {isa = PBXBuildFile; fileRef = 8AB6D02215B54D540029641C /* cog_01@2x.png */; };
		8AB6D02515B54D540029641C /* cog_02@2x.png in Resources */ = {isa = PBXBuildFile; fileRef = 8AB6D02315B54D540029641C /* cog_02@2x.png */; };
		8AB6D02815B54DFE0029641C /* record@2x.png in Resources */ = {isa = PBXBuildFile; fileRef = 8AB6D02615B54DFE0029641C /* record@2x.png */; };
		8AB6D02915B54DFE0029641C /* refresh_straight_arrows@2x.png in Resources */ = {isa = PBXBuildFile; fileRef = 8AB6D02715B54DFE0029641C /* refresh_straight_arrows@2x.png */; };
		8AB6D02C15B54E0B0029641C /* refresh@2x.png in Resources */ = {isa = PBXBuildFile; fileRef = 8AB6D02A15B54E0B0029641C /* refresh@2x.png */; };
		8AB6D02D15B54E0B0029641C /* repeat@2x.png in Resources */ = {isa = PBXBuildFile; fileRef = 8AB6D02B15B54E0B0029641C /* repeat@2x.png */; };
		8AB6D02F15B54E570029641C /* refresh.png in Resources */ = {isa = PBXBuildFile; fileRef = 8AB6D02E15B54E560029641C /* refresh.png */; };
		8AB6D03315B54EA60029641C /* record.png in Resources */ = {isa = PBXBuildFile; fileRef = 8AB6D03015B54EA60029641C /* record.png */; };
		8AB6D03415B54EA60029641C /* refresh_straight_arrows.png in Resources */ = {isa = PBXBuildFile; fileRef = 8AB6D03115B54EA60029641C /* refresh_straight_arrows.png */; };
		8AB6D03515B54EA60029641C /* repeat.png in Resources */ = {isa = PBXBuildFile; fileRef = 8AB6D03215B54EA60029641C /* repeat.png */; };
		8AB6D03815B552910029641C /* switchCamera.png in Resources */ = {isa = PBXBuildFile; fileRef = 8AB6D03615B552900029641C /* switchCamera.png */; };
		8AB6D03B15B5556D0029641C /* switchCamera@2x.png in Resources */ = {isa = PBXBuildFile; fileRef = 8AB6D03A15B5556D0029641C /* switchCamera@2x.png */; };
		8AB6D03D15B5585D0029641C /* photos_polaroid.png in Resources */ = {isa = PBXBuildFile; fileRef = 8AB6D03C15B5585D0029641C /* photos_polaroid.png */; };
		8AB6D03F15B5588E0029641C /* photos_polaroid@2x.png in Resources */ = {isa = PBXBuildFile; fileRef = 8AB6D03E15B5588D0029641C /* photos_polaroid@2x.png */; };
		8AB6D04315B856850029641C /* CartoonFilter.cpp in Sources */ = {isa = PBXBuildFile; fileRef = 8AB6D04215B856850029641C /* CartoonFilter.cpp */; };
		8AB6D04515B9969D0029641C /* Twitter.framework in Frameworks */ = {isa = PBXBuildFile; fileRef = 8AB6D04415B9969C0029641C /* Twitter.framework */; };
		8AB6D04815B99B5B0029641C /* BaseSampleViewController.mm in Sources */ = {isa = PBXBuildFile; fileRef = 8AB6D04715B99B5A0029641C /* BaseSampleViewController.mm */; };
		8AB6D05015BDEB2F0029641C /* VideoTracking.cpp in Sources */ = {isa = PBXBuildFile; fileRef = 8AB6D04F15BDEB2F0029641C /* VideoTracking.cpp */; };
		8AB993B815A3548A00D6AB1D /* Default.png in Resources */ = {isa = PBXBuildFile; fileRef = 8AB993B715A3548A00D6AB1D /* Default.png */; };
		8AB993BA15A3549200D6AB1D /* Default@2x.png in Resources */ = {isa = PBXBuildFile; fileRef = 8AB993B915A3549200D6AB1D /* Default@2x.png */; };
		8AB993BC15A3549F00D6AB1D /* Default-Portrait~ipad.png in Resources */ = {isa = PBXBuildFile; fileRef = 8AB993BB15A3549F00D6AB1D /* Default-Portrait~ipad.png */; };
		8AB993BE15A354B100D6AB1D /* Default-Portrait@2x~ipad.png in Resources */ = {isa = PBXBuildFile; fileRef = 8AB993BD15A354B100D6AB1D /* Default-Portrait@2x~ipad.png */; };
		8AB993C015A354BA00D6AB1D /* Default-Landscape@2x~ipad.png in Resources */ = {isa = PBXBuildFile; fileRef = 8AB993BF15A354BA00D6AB1D /* Default-Landscape@2x~ipad.png */; };
		8AB993C215A354BF00D6AB1D /* Default-Landscape~ipad.png in Resources */ = {isa = PBXBuildFile; fileRef = 8AB993C115A354BF00D6AB1D /* Default-Landscape~ipad.png */; };
		8AD96331165B90BC00772BCD /* opencv2.framework in Frameworks */ = {isa = PBXBuildFile; fileRef = 8AD96330165B90BC00772BCD /* opencv2.framework */; };
		8AE69C0315A3A40000DAA115 /* AssetsLibrary.framework in Frameworks */ = {isa = PBXBuildFile; fileRef = 8AE69C0215A3A40000DAA115 /* AssetsLibrary.framework */; };
		8AE69C0615A3A47F00DAA115 /* ImageViewController.mm in Sources */ = {isa = PBXBuildFile; fileRef = 8AE69C0515A3A47F00DAA115 /* ImageViewController.mm */; };
		8AFE53CA15D7E3B200E7ADEB /* DoubleTableViewCell.mm in Sources */ = {isa = PBXBuildFile; fileRef = 8AFE53C815D7E3B200E7ADEB /* DoubleTableViewCell.mm */; };
		8AFE53CB15D7E3B200E7ADEB /* DoubleTableViewCell.xib in Resources */ = {isa = PBXBuildFile; fileRef = 8AFE53C915D7E3B200E7ADEB /* DoubleTableViewCell.xib */; };
		8AFE53CF15D7F18E00E7ADEB /* cvneon.cpp in Sources */ = {isa = PBXBuildFile; fileRef = 8AFE53CE15D7F18E00E7ADEB /* cvneon.cpp */; };
/* End PBXBuildFile section */

/* Begin PBXFileReference section */
		363DA0BD15C097A500347AB2 /* FeatureDetectionSample.h */ = {isa = PBXFileReference; lastKnownFileType = sourcecode.c.h; path = FeatureDetectionSample.h; sourceTree = "<group>"; };
		363DA0BE15C097AC00347AB2 /* FeatureDetectionSample.cpp */ = {isa = PBXFileReference; fileEncoding = 4; lastKnownFileType = sourcecode.cpp.cpp; path = FeatureDetectionSample.cpp; sourceTree = "<group>"; };
		3641571C15C287AA00F80FFB /* DetectTrackSampleIcon.png */ = {isa = PBXFileReference; lastKnownFileType = image.png; path = DetectTrackSampleIcon.png; sourceTree = "<group>"; };
		3641571F15C2880600F80FFB /* DetectTrackSample.h */ = {isa = PBXFileReference; lastKnownFileType = sourcecode.c.h; path = DetectTrackSample.h; sourceTree = "<group>"; };
		3641572015C2880E00F80FFB /* DetectTrackSample.cpp */ = {isa = PBXFileReference; fileEncoding = 4; lastKnownFileType = sourcecode.cpp.cpp; path = DetectTrackSample.cpp; sourceTree = "<group>"; };
		369F2C2315C1A3C70032BD08 /* ObjectTrackingClass.cpp */ = {isa = PBXFileReference; fileEncoding = 4; lastKnownFileType = sourcecode.cpp.cpp; path = ObjectTrackingClass.cpp; sourceTree = "<group>"; };
		369F2C2515C1A3D40032BD08 /* ObjectTrackingClass.h */ = {isa = PBXFileReference; lastKnownFileType = sourcecode.c.h; path = ObjectTrackingClass.h; sourceTree = "<group>"; };
		369F2C2615C1A3E20032BD08 /* ObjectTrackingSample.h */ = {isa = PBXFileReference; lastKnownFileType = sourcecode.c.h; path = ObjectTrackingSample.h; sourceTree = "<group>"; };
		369F2C2715C1A3EF0032BD08 /* ObjectTrackingSample.cpp */ = {isa = PBXFileReference; fileEncoding = 4; lastKnownFileType = sourcecode.cpp.cpp; path = ObjectTrackingSample.cpp; sourceTree = "<group>"; };
		369F2C2915C1A4950032BD08 /* ObjectTrackingSampleIcon.png */ = {isa = PBXFileReference; lastKnownFileType = image.png; path = ObjectTrackingSampleIcon.png; sourceTree = "<group>"; };
		369F2C2B15C1A5290032BD08 /* FeatureDetectionSampleIcon.png */ = {isa = PBXFileReference; lastKnownFileType = image.png; path = FeatureDetectionSampleIcon.png; sourceTree = "<group>"; };
		369F2C2D15C1AEDD0032BD08 /* Globals.h */ = {isa = PBXFileReference; lastKnownFileType = sourcecode.c.h; path = Globals.h; sourceTree = "<group>"; };
		369F2C2E15C1AEE50032BD08 /* Globals.cpp */ = {isa = PBXFileReference; fileEncoding = 4; lastKnownFileType = sourcecode.cpp.cpp; path = Globals.cpp; sourceTree = "<group>"; };
		8A00096D15AD6DF8001EA42D /* OptionCell.h */ = {isa = PBXFileReference; fileEncoding = 4; lastKnownFileType = sourcecode.c.h; path = OptionCell.h; sourceTree = "<group>"; };
		8A00096E15AD6DF9001EA42D /* OptionCell.mm */ = {isa = PBXFileReference; fileEncoding = 4; lastKnownFileType = sourcecode.cpp.objcpp; path = OptionCell.mm; sourceTree = "<group>"; };
		8A00097115AE0F08001EA42D /* OptionsTableView.h */ = {isa = PBXFileReference; fileEncoding = 4; lastKnownFileType = sourcecode.c.h; path = OptionsTableView.h; sourceTree = "<group>"; };
		8A00097215AE0F09001EA42D /* OptionsTableView.mm */ = {isa = PBXFileReference; fileEncoding = 4; lastKnownFileType = sourcecode.cpp.objcpp; path = OptionsTableView.mm; sourceTree = "<group>"; };
		8A4388681595BC4F00027D3C /* UIKit.framework */ = {isa = PBXFileReference; lastKnownFileType = wrapper.framework; name = UIKit.framework; path = System/Library/Frameworks/UIKit.framework; sourceTree = SDKROOT; };
		8A43886A1595BC4F00027D3C /* Foundation.framework */ = {isa = PBXFileReference; lastKnownFileType = wrapper.framework; name = Foundation.framework; path = System/Library/Frameworks/Foundation.framework; sourceTree = SDKROOT; };
		8A43886C1595BC4F00027D3C /* CoreGraphics.framework */ = {isa = PBXFileReference; lastKnownFileType = wrapper.framework; name = CoreGraphics.framework; path = System/Library/Frameworks/CoreGraphics.framework; sourceTree = SDKROOT; };
		8A4388701595BC4F00027D3C /* OpenCV Tutorial-Info.plist */ = {isa = PBXFileReference; lastKnownFileType = text.plist.xml; path = "OpenCV Tutorial-Info.plist"; sourceTree = "<group>"; };
		8A4388721595BC4F00027D3C /* en */ = {isa = PBXFileReference; lastKnownFileType = text.plist.strings; name = en; path = en.lproj/InfoPlist.strings; sourceTree = "<group>"; };
		8A4388741595BC4F00027D3C /* main.mm */ = {isa = PBXFileReference; lastKnownFileType = sourcecode.cpp.objcpp; path = main.mm; sourceTree = "<group>"; };
		8A4388761595BC4F00027D3C /* OpenCV Tutorial-Prefix.pch */ = {isa = PBXFileReference; lastKnownFileType = sourcecode.c.h; path = "OpenCV Tutorial-Prefix.pch"; sourceTree = "<group>"; };
		8A4388891595BCC400027D3C /* SampleBase.h */ = {isa = PBXFileReference; fileEncoding = 4; lastKnownFileType = sourcecode.c.h; path = SampleBase.h; sourceTree = "<group>"; };
		8A43888B1595C1F000027D3C /* SampleBase.cpp */ = {isa = PBXFileReference; fileEncoding = 4; lastKnownFileType = sourcecode.cpp.cpp; path = SampleBase.cpp; sourceTree = "<group>"; };
		8A4388911595CAF700027D3C /* ContourDetectionSample.cpp */ = {isa = PBXFileReference; fileEncoding = 4; lastKnownFileType = sourcecode.cpp.cpp; path = ContourDetectionSample.cpp; sourceTree = "<group>"; };
		8A4388931595CB0300027D3C /* ContourDetectionSample.h */ = {isa = PBXFileReference; lastKnownFileType = sourcecode.c.h; path = ContourDetectionSample.h; sourceTree = "<group>"; };
		8A4388981595DE5800027D3C /* OpenCV Tutorial.app */ = {isa = PBXFileReference; explicitFileType = wrapper.application; includeInIndex = 0; path = "OpenCV Tutorial.app"; sourceTree = BUILT_PRODUCTS_DIR; };
		8A4388A61595DE5800027D3C /* AppDelegate.h */ = {isa = PBXFileReference; lastKnownFileType = sourcecode.c.h; path = AppDelegate.h; sourceTree = "<group>"; };
		8A4388A71595DE5800027D3C /* AppDelegate.mm */ = {isa = PBXFileReference; lastKnownFileType = sourcecode.cpp.objcpp; path = AppDelegate.mm; sourceTree = "<group>"; };
		8A4388AA1595DE5800027D3C /* en */ = {isa = PBXFileReference; lastKnownFileType = file.storyboard; name = en; path = en.lproj/MainStoryboard_iPhone.storyboard; sourceTree = "<group>"; };
		8A4388AD1595DE5800027D3C /* en */ = {isa = PBXFileReference; lastKnownFileType = file.storyboard; name = en; path = en.lproj/MainStoryboard_iPad.storyboard; sourceTree = "<group>"; };
		8A4388AF1595DE5800027D3C /* MasterViewController.h */ = {isa = PBXFileReference; lastKnownFileType = sourcecode.c.h; path = MasterViewController.h; sourceTree = "<group>"; };
		8A4388B01595DE5800027D3C /* MasterViewController.mm */ = {isa = PBXFileReference; lastKnownFileType = sourcecode.cpp.objcpp; path = MasterViewController.mm; sourceTree = "<group>"; };
		8A4388B21595DE5800027D3C /* DetailViewController.h */ = {isa = PBXFileReference; lastKnownFileType = sourcecode.c.h; path = DetailViewController.h; sourceTree = "<group>"; };
		8A4388B31595DE5800027D3C /* DetailViewController.mm */ = {isa = PBXFileReference; lastKnownFileType = sourcecode.cpp.objcpp; path = DetailViewController.mm; sourceTree = "<group>"; };
		8A4388D11596E0ED00027D3C /* Icon.png */ = {isa = PBXFileReference; lastKnownFileType = image.png; name = Icon.png; path = ../Icon.png; sourceTree = "<group>"; };
		8A4388D31596E10600027D3C /* Icon@2x.png */ = {isa = PBXFileReference; lastKnownFileType = image.png; name = "Icon@2x.png"; path = "../Icon@2x.png"; sourceTree = "<group>"; };
		8A4388D51596E11200027D3C /* Icon-72.png */ = {isa = PBXFileReference; lastKnownFileType = image.png; name = "Icon-72.png"; path = "../Icon-72.png"; sourceTree = "<group>"; };
		8A4388D71596E11700027D3C /* Icon-72@2x.png */ = {isa = PBXFileReference; lastKnownFileType = image.png; name = "Icon-72@2x.png"; path = "../Icon-72@2x.png"; sourceTree = "<group>"; };
		8A4388D91597171900027D3C /* EdgeDetectionSample.cpp */ = {isa = PBXFileReference; fileEncoding = 4; lastKnownFileType = sourcecode.cpp.cpp; path = EdgeDetectionSample.cpp; sourceTree = "<group>"; };
		8A4388DB1597172300027D3C /* EdgeDetectionSample.h */ = {isa = PBXFileReference; lastKnownFileType = sourcecode.c.h; path = EdgeDetectionSample.h; sourceTree = "<group>"; };
		8A4388E015971FF200027D3C /* EdgeDetectionSampleIcon.png */ = {isa = PBXFileReference; lastKnownFileType = image.png; path = EdgeDetectionSampleIcon.png; sourceTree = "<group>"; };
		8A4388E215971FFE00027D3C /* EdgeDetectionSampleIcon~ipad.png */ = {isa = PBXFileReference; lastKnownFileType = image.png; path = "EdgeDetectionSampleIcon~ipad.png"; sourceTree = "<group>"; };
		8A4388E61597B75400027D3C /* UIImage2OpenCV.h */ = {isa = PBXFileReference; fileEncoding = 4; lastKnownFileType = sourcecode.c.h; path = UIImage2OpenCV.h; sourceTree = "<group>"; };
		8A4388E71597B7BB00027D3C /* UIImage2OpenCV.mm */ = {isa = PBXFileReference; fileEncoding = 4; lastKnownFileType = sourcecode.cpp.objcpp; path = UIImage2OpenCV.mm; sourceTree = "<group>"; };
		8A4388E91597BD9D00027D3C /* ContourDetectionSampleIcon.png */ = {isa = PBXFileReference; lastKnownFileType = image.png; path = ContourDetectionSampleIcon.png; sourceTree = "<group>"; };
		8A4388EA1597BD9D00027D3C /* ContourDetectionSampleIcon@2x.png */ = {isa = PBXFileReference; lastKnownFileType = image.png; path = "ContourDetectionSampleIcon@2x.png"; sourceTree = "<group>"; };
		8A4388F01597C49B00027D3C /* README.md */ = {isa = PBXFileReference; lastKnownFileType = text; path = README.md; sourceTree = "<group>"; };
		8A4A123B15F68B5F0096D272 /* DrawingCanvas.h */ = {isa = PBXFileReference; fileEncoding = 4; lastKnownFileType = sourcecode.c.h; path = DrawingCanvas.h; sourceTree = "<group>"; };
		8A4A123C15F68B680096D272 /* DrawingCanvas.cpp */ = {isa = PBXFileReference; fileEncoding = 4; lastKnownFileType = sourcecode.cpp.cpp; path = DrawingCanvas.cpp; sourceTree = "<group>"; };
		8A4C5D7015E2CAEA008887F0 /* ROFSample.cpp */ = {isa = PBXFileReference; fileEncoding = 4; lastKnownFileType = sourcecode.cpp.cpp; path = ROFSample.cpp; sourceTree = "<group>"; };
		8A4C5D7115E2CAEA008887F0 /* ROFSample.h */ = {isa = PBXFileReference; fileEncoding = 4; lastKnownFileType = sourcecode.c.h; path = ROFSample.h; sourceTree = "<group>"; };
		8A4C5D7215E2CAEA008887F0 /* ROFSampleIcon.png */ = {isa = PBXFileReference; lastKnownFileType = image.png; path = ROFSampleIcon.png; sourceTree = "<group>"; };
		8A4C5D7315E2CAEA008887F0 /* totalvariation.cpp */ = {isa = PBXFileReference; fileEncoding = 4; lastKnownFileType = sourcecode.cpp.cpp; path = totalvariation.cpp; sourceTree = "<group>"; };
		8A4C5D7415E2CAEA008887F0 /* totalvariation.h */ = {isa = PBXFileReference; fileEncoding = 4; lastKnownFileType = sourcecode.c.h; path = totalvariation.h; sourceTree = "<group>"; };
		8A66F70815DA3E2600EF1959 /* DefaultSampleIcon.png */ = {isa = PBXFileReference; lastKnownFileType = image.png; path = DefaultSampleIcon.png; sourceTree = "<group>"; };
		8A66F70915DA3E2600EF1959 /* DefaultSampleIcon~ipad.png */ = {isa = PBXFileReference; lastKnownFileType = image.png; path = "DefaultSampleIcon~ipad.png"; sourceTree = "<group>"; };
		8A66F71015DA535C00EF1959 /* SampleFacade.h */ = {isa = PBXFileReference; fileEncoding = 4; lastKnownFileType = sourcecode.c.h; path = SampleFacade.h; sourceTree = "<group>"; };
		8A66F71115DA535C00EF1959 /* SampleFacade.mm */ = {isa = PBXFileReference; fileEncoding = 4; lastKnownFileType = sourcecode.cpp.objcpp; path = SampleFacade.mm; sourceTree = "<group>"; };
		8A66F71415DA85BA00EF1959 /* VideoTrackingSampleIcon.png */ = {isa = PBXFileReference; lastKnownFileType = image.png; path = VideoTrackingSampleIcon.png; sourceTree = "<group>"; };
		8A6E0BD61614946100C1D644 /* FeatureDetectionClass.cpp */ = {isa = PBXFileReference; fileEncoding = 4; lastKnownFileType = sourcecode.cpp.cpp; path = FeatureDetectionClass.cpp; sourceTree = "<group>"; };
		8A6E0BD71614946100C1D644 /* FeatureDetectionClass.h */ = {isa = PBXFileReference; fileEncoding = 4; lastKnownFileType = sourcecode.c.h; path = FeatureDetectionClass.h; sourceTree = "<group>"; };
		8A723FBF1599AC42008C72DB /* VideoSource.h */ = {isa = PBXFileReference; fileEncoding = 4; lastKnownFileType = sourcecode.c.h; path = VideoSource.h; sourceTree = "<group>"; };
		8A723FC01599AC42008C72DB /* VideoSource.mm */ = {isa = PBXFileReference; fileEncoding = 4; lastKnownFileType = sourcecode.cpp.objcpp; path = VideoSource.mm; sourceTree = "<group>"; };
		8A723FC71599B6EE008C72DB /* AVFoundation.framework */ = {isa = PBXFileReference; lastKnownFileType = wrapper.framework; name = AVFoundation.framework; path = System/Library/Frameworks/AVFoundation.framework; sourceTree = SDKROOT; };
		8A723FC91599B6F2008C72DB /* GLKit.framework */ = {isa = PBXFileReference; lastKnownFileType = wrapper.framework; name = GLKit.framework; path = System/Library/Frameworks/GLKit.framework; sourceTree = SDKROOT; };
		8A723FCA1599B6F2008C72DB /* OpenGLES.framework */ = {isa = PBXFileReference; lastKnownFileType = wrapper.framework; name = OpenGLES.framework; path = System/Library/Frameworks/OpenGLES.framework; sourceTree = SDKROOT; };
		8A723FCD1599B6FC008C72DB /* CoreImage.framework */ = {isa = PBXFileReference; lastKnownFileType = wrapper.framework; name = CoreImage.framework; path = System/Library/Frameworks/CoreImage.framework; sourceTree = SDKROOT; };
		8A723FCE1599B6FC008C72DB /* CoreMedia.framework */ = {isa = PBXFileReference; lastKnownFileType = wrapper.framework; name = CoreMedia.framework; path = System/Library/Frameworks/CoreMedia.framework; sourceTree = SDKROOT; };
		8A723FD11599B700008C72DB /* QuartzCore.framework */ = {isa = PBXFileReference; lastKnownFileType = wrapper.framework; name = QuartzCore.framework; path = System/Library/Frameworks/QuartzCore.framework; sourceTree = SDKROOT; };
		8A723FD31599B70B008C72DB /* CoreVideo.framework */ = {isa = PBXFileReference; lastKnownFileType = wrapper.framework; name = CoreVideo.framework; path = System/Library/Frameworks/CoreVideo.framework; sourceTree = SDKROOT; };
		8A723FD91599BB74008C72DB /* VideoViewController.h */ = {isa = PBXFileReference; fileEncoding = 4; lastKnownFileType = sourcecode.c.h; path = VideoViewController.h; sourceTree = "<group>"; };
		8A723FDA1599BB74008C72DB /* VideoViewController.mm */ = {isa = PBXFileReference; fileEncoding = 4; lastKnownFileType = sourcecode.cpp.objcpp; path = VideoViewController.mm; sourceTree = "<group>"; };
		8A723FDC1599BB95008C72DB /* GLESImageView.h */ = {isa = PBXFileReference; fileEncoding = 4; lastKnownFileType = sourcecode.c.h; path = GLESImageView.h; sourceTree = "<group>"; };
		8A723FDD1599BB95008C72DB /* GLESImageView.mm */ = {isa = PBXFileReference; fileEncoding = 4; lastKnownFileType = sourcecode.cpp.objcpp; path = GLESImageView.mm; sourceTree = "<group>"; };
		8A79349015A9A3EA0043BE99 /* ImageFiltersSample.h */ = {isa = PBXFileReference; fileEncoding = 4; lastKnownFileType = sourcecode.c.h; path = ImageFiltersSample.h; sourceTree = "<group>"; };
		8A79349215A9A3F70043BE99 /* ImageFiltersSample.cpp */ = {isa = PBXFileReference; fileEncoding = 4; lastKnownFileType = sourcecode.cpp.cpp; path = ImageFiltersSample.cpp; sourceTree = "<group>"; };
		8A79349D15A9ADA20043BE99 /* BooleanTableViewCell.h */ = {isa = PBXFileReference; fileEncoding = 4; lastKnownFileType = sourcecode.c.h; path = BooleanTableViewCell.h; sourceTree = "<group>"; };
		8A79349E15A9ADA20043BE99 /* BooleanTableViewCell.mm */ = {isa = PBXFileReference; fileEncoding = 4; lastKnownFileType = sourcecode.cpp.objcpp; path = BooleanTableViewCell.mm; sourceTree = "<group>"; };
		8A7934A615AB47060043BE99 /* SampleOptionsTableViewDelegate.h */ = {isa = PBXFileReference; fileEncoding = 4; lastKnownFileType = sourcecode.c.h; path = SampleOptionsTableViewDelegate.h; sourceTree = "<group>"; };
		8A7934A715AB47060043BE99 /* SampleOptionsTableViewDelegate.mm */ = {isa = PBXFileReference; fileEncoding = 4; lastKnownFileType = sourcecode.cpp.objcpp; path = SampleOptionsTableViewDelegate.mm; sourceTree = "<group>"; };
		8A7934A915AB48C80043BE99 /* NSString+StdString.h */ = {isa = PBXFileReference; fileEncoding = 4; lastKnownFileType = sourcecode.c.h; path = "NSString+StdString.h"; sourceTree = "<group>"; };
		8A7934AA15AB48C80043BE99 /* NSString+StdString.mm */ = {isa = PBXFileReference; fileEncoding = 4; lastKnownFileType = sourcecode.cpp.objcpp; path = "NSString+StdString.mm"; sourceTree = "<group>"; };
		8A7934AC15AB4A9C0043BE99 /* SampleOptions.h */ = {isa = PBXFileReference; lastKnownFileType = sourcecode.c.h; path = SampleOptions.h; sourceTree = "<group>"; };
		8A7934AD15AB4B750043BE99 /* SampleOptions.cpp */ = {isa = PBXFileReference; fileEncoding = 4; lastKnownFileType = sourcecode.cpp.cpp; path = SampleOptions.cpp; sourceTree = "<group>"; };
		8A7934BC15AB5C5A0043BE99 /* BooleanTableViewCell.xib */ = {isa = PBXFileReference; fileEncoding = 4; lastKnownFileType = file.xib; path = BooleanTableViewCell.xib; sourceTree = "<group>"; };
		8A7934BE15AB5CB20043BE99 /* FloatTableViewCell.xib */ = {isa = PBXFileReference; fileEncoding = 4; lastKnownFileType = file.xib; path = FloatTableViewCell.xib; sourceTree = "<group>"; };
		8A7934C015AB5D490043BE99 /* Int32TableViewCell.xib */ = {isa = PBXFileReference; fileEncoding = 4; lastKnownFileType = file.xib; path = Int32TableViewCell.xib; sourceTree = "<group>"; };
		8A7934C215AB5D560043BE99 /* EnumTableViewCell.xib */ = {isa = PBXFileReference; fileEncoding = 4; lastKnownFileType = file.xib; path = EnumTableViewCell.xib; sourceTree = "<group>"; };
		8A7934C515AB5E2F0043BE99 /* Int32TableViewCell.h */ = {isa = PBXFileReference; fileEncoding = 4; lastKnownFileType = sourcecode.c.h; path = Int32TableViewCell.h; sourceTree = "<group>"; };
		8A7934C615AB5E2F0043BE99 /* Int32TableViewCell.mm */ = {isa = PBXFileReference; fileEncoding = 4; lastKnownFileType = sourcecode.cpp.objcpp; path = Int32TableViewCell.mm; sourceTree = "<group>"; };
		8A7934C815AB5E390043BE99 /* FloatTableViewCell.h */ = {isa = PBXFileReference; fileEncoding = 4; lastKnownFileType = sourcecode.c.h; path = FloatTableViewCell.h; sourceTree = "<group>"; };
		8A7934C915AB5E390043BE99 /* FloatTableViewCell.mm */ = {isa = PBXFileReference; fileEncoding = 4; lastKnownFileType = sourcecode.cpp.objcpp; path = FloatTableViewCell.mm; sourceTree = "<group>"; };
		8A7934CB15AB5E440043BE99 /* EnumTableViewCell.h */ = {isa = PBXFileReference; fileEncoding = 4; lastKnownFileType = sourcecode.c.h; path = EnumTableViewCell.h; sourceTree = "<group>"; };
		8A7934CC15AB5E440043BE99 /* EnumTableViewCell.mm */ = {isa = PBXFileReference; fileEncoding = 4; lastKnownFileType = sourcecode.cpp.objcpp; path = EnumTableViewCell.mm; sourceTree = "<group>"; };
		8AA7F84F15A462400052C95A /* FPSCalculator.h */ = {isa = PBXFileReference; fileEncoding = 4; lastKnownFileType = sourcecode.c.h; path = FPSCalculator.h; sourceTree = "<group>"; };
		8AA7F85015A462400052C95A /* FPSCalculator.mm */ = {isa = PBXFileReference; fileEncoding = 4; lastKnownFileType = sourcecode.cpp.objcpp; path = FPSCalculator.mm; sourceTree = "<group>"; };
		8AB6D01515B02A030029641C /* DummyVideoSource.mm */ = {isa = PBXFileReference; fileEncoding = 4; lastKnownFileType = sourcecode.cpp.objcpp; path = DummyVideoSource.mm; sourceTree = "<group>"; };
		8AB6D01E15B54D450029641C /* cog_01.png */ = {isa = PBXFileReference; lastKnownFileType = image.png; path = cog_01.png; sourceTree = "<group>"; };
		8AB6D01F15B54D450029641C /* cog_02.png */ = {isa = PBXFileReference; lastKnownFileType = image.png; path = cog_02.png; sourceTree = "<group>"; };
		8AB6D02215B54D540029641C /* cog_01@2x.png */ = {isa = PBXFileReference; lastKnownFileType = image.png; path = "cog_01@2x.png"; sourceTree = "<group>"; };
		8AB6D02315B54D540029641C /* cog_02@2x.png */ = {isa = PBXFileReference; lastKnownFileType = image.png; path = "cog_02@2x.png"; sourceTree = "<group>"; };
		8AB6D02615B54DFE0029641C /* record@2x.png */ = {isa = PBXFileReference; lastKnownFileType = image.png; path = "record@2x.png"; sourceTree = "<group>"; };
		8AB6D02715B54DFE0029641C /* refresh_straight_arrows@2x.png */ = {isa = PBXFileReference; lastKnownFileType = image.png; path = "refresh_straight_arrows@2x.png"; sourceTree = "<group>"; };
		8AB6D02A15B54E0B0029641C /* refresh@2x.png */ = {isa = PBXFileReference; lastKnownFileType = image.png; path = "refresh@2x.png"; sourceTree = "<group>"; };
		8AB6D02B15B54E0B0029641C /* repeat@2x.png */ = {isa = PBXFileReference; lastKnownFileType = image.png; path = "repeat@2x.png"; sourceTree = "<group>"; };
		8AB6D02E15B54E560029641C /* refresh.png */ = {isa = PBXFileReference; lastKnownFileType = image.png; path = refresh.png; sourceTree = "<group>"; };
		8AB6D03015B54EA60029641C /* record.png */ = {isa = PBXFileReference; lastKnownFileType = image.png; path = record.png; sourceTree = "<group>"; };
		8AB6D03115B54EA60029641C /* refresh_straight_arrows.png */ = {isa = PBXFileReference; lastKnownFileType = image.png; path = refresh_straight_arrows.png; sourceTree = "<group>"; };
		8AB6D03215B54EA60029641C /* repeat.png */ = {isa = PBXFileReference; lastKnownFileType = image.png; path = repeat.png; sourceTree = "<group>"; };
		8AB6D03615B552900029641C /* switchCamera.png */ = {isa = PBXFileReference; lastKnownFileType = image.png; path = switchCamera.png; sourceTree = "<group>"; };
		8AB6D03A15B5556D0029641C /* switchCamera@2x.png */ = {isa = PBXFileReference; lastKnownFileType = image.png; path = "switchCamera@2x.png"; sourceTree = "<group>"; };
		8AB6D03C15B5585D0029641C /* photos_polaroid.png */ = {isa = PBXFileReference; lastKnownFileType = image.png; path = photos_polaroid.png; sourceTree = "<group>"; };
		8AB6D03E15B5588D0029641C /* photos_polaroid@2x.png */ = {isa = PBXFileReference; lastKnownFileType = image.png; path = "photos_polaroid@2x.png"; sourceTree = "<group>"; };
		8AB6D04115B8567C0029641C /* CartoonFilter.h */ = {isa = PBXFileReference; fileEncoding = 4; lastKnownFileType = sourcecode.c.h; path = CartoonFilter.h; sourceTree = "<group>"; };
		8AB6D04215B856850029641C /* CartoonFilter.cpp */ = {isa = PBXFileReference; fileEncoding = 4; lastKnownFileType = sourcecode.cpp.cpp; path = CartoonFilter.cpp; sourceTree = "<group>"; };
		8AB6D04415B9969C0029641C /* Twitter.framework */ = {isa = PBXFileReference; lastKnownFileType = wrapper.framework; name = Twitter.framework; path = System/Library/Frameworks/Twitter.framework; sourceTree = SDKROOT; };
		8AB6D04615B99B590029641C /* BaseSampleViewController.h */ = {isa = PBXFileReference; fileEncoding = 4; lastKnownFileType = sourcecode.c.h; path = BaseSampleViewController.h; sourceTree = "<group>"; };
		8AB6D04715B99B5A0029641C /* BaseSampleViewController.mm */ = {isa = PBXFileReference; fileEncoding = 4; lastKnownFileType = sourcecode.cpp.objcpp; path = BaseSampleViewController.mm; sourceTree = "<group>"; };
		8AB6D04D15BDEB220029641C /* VideoTracking.hpp */ = {isa = PBXFileReference; fileEncoding = 4; lastKnownFileType = sourcecode.cpp.h; path = VideoTracking.hpp; sourceTree = "<group>"; };
		8AB6D04F15BDEB2F0029641C /* VideoTracking.cpp */ = {isa = PBXFileReference; fileEncoding = 4; lastKnownFileType = sourcecode.cpp.cpp; path = VideoTracking.cpp; sourceTree = "<group>"; };
		8AB993B715A3548A00D6AB1D /* Default.png */ = {isa = PBXFileReference; lastKnownFileType = image.png; name = Default.png; path = ../Default.png; sourceTree = "<group>"; };
		8AB993B915A3549200D6AB1D /* Default@2x.png */ = {isa = PBXFileReference; lastKnownFileType = image.png; name = "Default@2x.png"; path = "../Default@2x.png"; sourceTree = "<group>"; };
		8AB993BB15A3549F00D6AB1D /* Default-Portrait~ipad.png */ = {isa = PBXFileReference; lastKnownFileType = image.png; name = "Default-Portrait~ipad.png"; path = "../Default-Portrait~ipad.png"; sourceTree = "<group>"; };
		8AB993BD15A354B100D6AB1D /* Default-Portrait@2x~ipad.png */ = {isa = PBXFileReference; lastKnownFileType = image.png; name = "Default-Portrait@2x~ipad.png"; path = "../Default-Portrait@2x~ipad.png"; sourceTree = "<group>"; };
		8AB993BF15A354BA00D6AB1D /* Default-Landscape@2x~ipad.png */ = {isa = PBXFileReference; lastKnownFileType = image.png; name = "Default-Landscape@2x~ipad.png"; path = "../Default-Landscape@2x~ipad.png"; sourceTree = "<group>"; };
		8AB993C115A354BF00D6AB1D /* Default-Landscape~ipad.png */ = {isa = PBXFileReference; lastKnownFileType = image.png; name = "Default-Landscape~ipad.png"; path = "../Default-Landscape~ipad.png"; sourceTree = "<group>"; };
		8AD96330165B90BC00772BCD /* opencv2.framework */ = {isa = PBXFileReference; lastKnownFileType = wrapper.framework; path = opencv2.framework; sourceTree = "<group>"; };
		8AE69C0215A3A40000DAA115 /* AssetsLibrary.framework */ = {isa = PBXFileReference; lastKnownFileType = wrapper.framework; name = AssetsLibrary.framework; path = System/Library/Frameworks/AssetsLibrary.framework; sourceTree = SDKROOT; };
		8AE69C0415A3A47F00DAA115 /* ImageViewController.h */ = {isa = PBXFileReference; fileEncoding = 4; lastKnownFileType = sourcecode.c.h; path = ImageViewController.h; sourceTree = "<group>"; };
		8AE69C0515A3A47F00DAA115 /* ImageViewController.mm */ = {isa = PBXFileReference; fileEncoding = 4; lastKnownFileType = sourcecode.cpp.objcpp; path = ImageViewController.mm; sourceTree = "<group>"; };
		8AFE53C715D7E3B200E7ADEB /* DoubleTableViewCell.h */ = {isa = PBXFileReference; fileEncoding = 4; lastKnownFileType = sourcecode.c.h; path = DoubleTableViewCell.h; sourceTree = "<group>"; };
		8AFE53C815D7E3B200E7ADEB /* DoubleTableViewCell.mm */ = {isa = PBXFileReference; fileEncoding = 4; lastKnownFileType = sourcecode.cpp.objcpp; path = DoubleTableViewCell.mm; sourceTree = "<group>"; };
		8AFE53C915D7E3B200E7ADEB /* DoubleTableViewCell.xib */ = {isa = PBXFileReference; fileEncoding = 4; lastKnownFileType = file.xib; path = DoubleTableViewCell.xib; sourceTree = "<group>"; };
		8AFE53CD15D7F18500E7ADEB /* cvneon.h */ = {isa = PBXFileReference; fileEncoding = 4; lastKnownFileType = sourcecode.c.h; path = cvneon.h; sourceTree = "<group>"; };
		8AFE53CE15D7F18E00E7ADEB /* cvneon.cpp */ = {isa = PBXFileReference; fileEncoding = 4; lastKnownFileType = sourcecode.cpp.cpp; path = cvneon.cpp; sourceTree = "<group>"; };
/* End PBXFileReference section */

/* Begin PBXFrameworksBuildPhase section */
		8A4388951595DE5800027D3C /* Frameworks */ = {
			isa = PBXFrameworksBuildPhase;
			buildActionMask = 2147483647;
			files = (
				8AD96331165B90BC00772BCD /* opencv2.framework in Frameworks */,
				8AB6D04515B9969D0029641C /* Twitter.framework in Frameworks */,
				8AE69C0315A3A40000DAA115 /* AssetsLibrary.framework in Frameworks */,
				8A723FD41599B70B008C72DB /* CoreVideo.framework in Frameworks */,
				8A723FD21599B700008C72DB /* QuartzCore.framework in Frameworks */,
				8A723FCF1599B6FC008C72DB /* CoreImage.framework in Frameworks */,
				8A723FD01599B6FC008C72DB /* CoreMedia.framework in Frameworks */,
				8A43889C1595DE5800027D3C /* CoreGraphics.framework in Frameworks */,
				8A723FCB1599B6F2008C72DB /* GLKit.framework in Frameworks */,
				8A723FCC1599B6F2008C72DB /* OpenGLES.framework in Frameworks */,
				8A723FC81599B6EE008C72DB /* AVFoundation.framework in Frameworks */,
				8A43889A1595DE5800027D3C /* UIKit.framework in Frameworks */,
				8A43889B1595DE5800027D3C /* Foundation.framework in Frameworks */,
			);
			runOnlyForDeploymentPostprocessing = 0;
		};
/* End PBXFrameworksBuildPhase section */

/* Begin PBXGroup section */
		363DA0B615C0970200347AB2 /* FeatureDetection */ = {
			isa = PBXGroup;
			children = (
				8A6E0BD61614946100C1D644 /* FeatureDetectionClass.cpp */,
				8A6E0BD71614946100C1D644 /* FeatureDetectionClass.h */,
				363DA0BD15C097A500347AB2 /* FeatureDetectionSample.h */,
				363DA0BE15C097AC00347AB2 /* FeatureDetectionSample.cpp */,
				369F2C2B15C1A5290032BD08 /* FeatureDetectionSampleIcon.png */,
			);
			name = FeatureDetection;
			sourceTree = "<group>";
		};
		3641571B15C286A800F80FFB /* DetectTrackSample */ = {
			isa = PBXGroup;
			children = (
				3641571F15C2880600F80FFB /* DetectTrackSample.h */,
				3641572015C2880E00F80FFB /* DetectTrackSample.cpp */,
				3641571C15C287AA00F80FFB /* DetectTrackSampleIcon.png */,
			);
			name = DetectTrackSample;
			sourceTree = "<group>";
		};
		369F2C2215C1A2AD0032BD08 /* ObjectTracking */ = {
			isa = PBXGroup;
			children = (
				369F2C2515C1A3D40032BD08 /* ObjectTrackingClass.h */,
				369F2C2315C1A3C70032BD08 /* ObjectTrackingClass.cpp */,
				369F2C2615C1A3E20032BD08 /* ObjectTrackingSample.h */,
				369F2C2715C1A3EF0032BD08 /* ObjectTrackingSample.cpp */,
				369F2C2915C1A4950032BD08 /* ObjectTrackingSampleIcon.png */,
			);
			name = ObjectTracking;
			sourceTree = "<group>";
		};
		8A4388591595BC4E00027D3C = {
			isa = PBXGroup;
			children = (
				8A43886E1595BC4F00027D3C /* OpenCV Tutorial */,
				8A4388671595BC4F00027D3C /* Frameworks */,
				8A4388651595BC4F00027D3C /* Products */,
				8A4388F01597C49B00027D3C /* README.md */,
			);
			sourceTree = "<group>";
		};
		8A4388651595BC4F00027D3C /* Products */ = {
			isa = PBXGroup;
			children = (
				8A4388981595DE5800027D3C /* OpenCV Tutorial.app */,
			);
			name = Products;
			sourceTree = "<group>";
		};
		8A4388671595BC4F00027D3C /* Frameworks */ = {
			isa = PBXGroup;
			children = (
				8AD96330165B90BC00772BCD /* opencv2.framework */,
				8AB6D04415B9969C0029641C /* Twitter.framework */,
				8AE69C0215A3A40000DAA115 /* AssetsLibrary.framework */,
				8A723FD31599B70B008C72DB /* CoreVideo.framework */,
				8A723FD11599B700008C72DB /* QuartzCore.framework */,
				8A723FCD1599B6FC008C72DB /* CoreImage.framework */,
				8A723FCE1599B6FC008C72DB /* CoreMedia.framework */,
				8A723FC91599B6F2008C72DB /* GLKit.framework */,
				8A723FCA1599B6F2008C72DB /* OpenGLES.framework */,
				8A723FC71599B6EE008C72DB /* AVFoundation.framework */,
				8A4388681595BC4F00027D3C /* UIKit.framework */,
				8A43886A1595BC4F00027D3C /* Foundation.framework */,
				8A43886C1595BC4F00027D3C /* CoreGraphics.framework */,
			);
			name = Frameworks;
			sourceTree = "<group>";
		};
		8A43886E1595BC4F00027D3C /* OpenCV Tutorial */ = {
			isa = PBXGroup;
			children = (
				8AFE53D015D7F19100E7ADEB /* OpenCV Neon */,
				8AA7F84E15A462250052C95A /* View Controllers */,
				8A723FD81599B751008C72DB /* Storyboards */,
				8A43888A1595C1DF00027D3C /* Samples */,
				8A4388881595BCB000027D3C /* VideoSource */,
				8A43886F1595BC4F00027D3C /* Supporting Files */,
			);
			path = "OpenCV Tutorial";
			sourceTree = "<group>";
		};
		8A43886F1595BC4F00027D3C /* Supporting Files */ = {
			isa = PBXGroup;
			children = (
				8A4388D01596E0B300027D3C /* Icons */,
				8AA7F84D15A4620A0052C95A /* Button Images */,
				8AB993C315A354F900D6AB1D /* Startup Images */,
				8A4388A61595DE5800027D3C /* AppDelegate.h */,
				8A4388A71595DE5800027D3C /* AppDelegate.mm */,
				8A4388701595BC4F00027D3C /* OpenCV Tutorial-Info.plist */,
				8A4388711595BC4F00027D3C /* InfoPlist.strings */,
				8A4388741595BC4F00027D3C /* main.mm */,
				8A4388761595BC4F00027D3C /* OpenCV Tutorial-Prefix.pch */,
				8A4388E61597B75400027D3C /* UIImage2OpenCV.h */,
				8A4388E71597B7BB00027D3C /* UIImage2OpenCV.mm */,
				8AA7F84F15A462400052C95A /* FPSCalculator.h */,
				8AA7F85015A462400052C95A /* FPSCalculator.mm */,
				8A7934A915AB48C80043BE99 /* NSString+StdString.h */,
				8A7934AA15AB48C80043BE99 /* NSString+StdString.mm */,
			);
			name = "Supporting Files";
			sourceTree = "<group>";
		};
		8A4388881595BCB000027D3C /* VideoSource */ = {
			isa = PBXGroup;
			children = (
				8A723FBF1599AC42008C72DB /* VideoSource.h */,
				8A723FC01599AC42008C72DB /* VideoSource.mm */,
				8AB6D01515B02A030029641C /* DummyVideoSource.mm */,
			);
			name = VideoSource;
			sourceTree = "<group>";
		};
		8A43888A1595C1DF00027D3C /* Samples */ = {
			isa = PBXGroup;
			children = (
				8A4A123915F68B460096D272 /* DrawingCanvas */,
				8AB6D04015B856010029641C /* CartoonFilter */,
				8A4388E41597B6E500027D3C /* Contour Detection */,
				3641571B15C286A800F80FFB /* DetectTrackSample */,
				8A4388DF15971FE000027D3C /* Edge Detection */,
				363DA0B615C0970200347AB2 /* FeatureDetection */,
				8A79349415A9A3FB0043BE99 /* Image Filters */,
				369F2C2215C1A2AD0032BD08 /* ObjectTracking */,
				8A4C5D7915E2CAF1008887F0 /* ROFSample */,
				8A7934BB15AB5BD40043BE99 /* SampleBase */,
				8AB6D05115BDEB320029641C /* Video Tracking */,
			);
			name = Samples;
			sourceTree = "<group>";
		};
		8A4388D01596E0B300027D3C /* Icons */ = {
			isa = PBXGroup;
			children = (
				8AB6D03E15B5588D0029641C /* photos_polaroid@2x.png */,
				8AB6D03C15B5585D0029641C /* photos_polaroid.png */,
				8AB6D03A15B5556D0029641C /* switchCamera@2x.png */,
				8AB6D03615B552900029641C /* switchCamera.png */,
				8AB6D03015B54EA60029641C /* record.png */,
				8AB6D03115B54EA60029641C /* refresh_straight_arrows.png */,
				8AB6D03215B54EA60029641C /* repeat.png */,
				8AB6D01E15B54D450029641C /* cog_01.png */,
				8AB6D02215B54D540029641C /* cog_01@2x.png */,
				8AB6D01F15B54D450029641C /* cog_02.png */,
				8AB6D02315B54D540029641C /* cog_02@2x.png */,
				8A4388D51596E11200027D3C /* Icon-72.png */,
				8A4388D71596E11700027D3C /* Icon-72@2x.png */,
				8A4388D11596E0ED00027D3C /* Icon.png */,
				8A4388D31596E10600027D3C /* Icon@2x.png */,
				8AB6D02615B54DFE0029641C /* record@2x.png */,
				8AB6D02E15B54E560029641C /* refresh.png */,
				8AB6D02A15B54E0B0029641C /* refresh@2x.png */,
				8AB6D02715B54DFE0029641C /* refresh_straight_arrows@2x.png */,
				8AB6D02B15B54E0B0029641C /* repeat@2x.png */,
			);
			name = Icons;
			sourceTree = "<group>";
		};
		8A4388DF15971FE000027D3C /* Edge Detection */ = {
			isa = PBXGroup;
			children = (
				8A4388E215971FFE00027D3C /* EdgeDetectionSampleIcon~ipad.png */,
				8A4388E015971FF200027D3C /* EdgeDetectionSampleIcon.png */,
				8A4388D91597171900027D3C /* EdgeDetectionSample.cpp */,
				8A4388DB1597172300027D3C /* EdgeDetectionSample.h */,
			);
			name = "Edge Detection";
			sourceTree = "<group>";
		};
		8A4388E41597B6E500027D3C /* Contour Detection */ = {
			isa = PBXGroup;
			children = (
				8A4388E91597BD9D00027D3C /* ContourDetectionSampleIcon.png */,
				8A4388EA1597BD9D00027D3C /* ContourDetectionSampleIcon@2x.png */,
				8A4388911595CAF700027D3C /* ContourDetectionSample.cpp */,
				8A4388931595CB0300027D3C /* ContourDetectionSample.h */,
			);
			name = "Contour Detection";
			sourceTree = "<group>";
		};
		8A4A123915F68B460096D272 /* DrawingCanvas */ = {
			isa = PBXGroup;
			children = (
				8A4A123B15F68B5F0096D272 /* DrawingCanvas.h */,
				8A4A123C15F68B680096D272 /* DrawingCanvas.cpp */,
			);
			name = DrawingCanvas;
			sourceTree = "<group>";
		};
		8A4C5D7915E2CAF1008887F0 /* ROFSample */ = {
			isa = PBXGroup;
			children = (
				8A4C5D7015E2CAEA008887F0 /* ROFSample.cpp */,
				8A4C5D7115E2CAEA008887F0 /* ROFSample.h */,
				8A4C5D7215E2CAEA008887F0 /* ROFSampleIcon.png */,
				8A4C5D7315E2CAEA008887F0 /* totalvariation.cpp */,
				8A4C5D7415E2CAEA008887F0 /* totalvariation.h */,
			);
			name = ROFSample;
			sourceTree = "<group>";
		};
		8A723FD81599B751008C72DB /* Storyboards */ = {
			isa = PBXGroup;
			children = (
				8A4388A91595DE5800027D3C /* MainStoryboard_iPhone.storyboard */,
				8A4388AC1595DE5800027D3C /* MainStoryboard_iPad.storyboard */,
			);
			name = Storyboards;
			sourceTree = "<group>";
		};
		8A79349415A9A3FB0043BE99 /* Image Filters */ = {
			isa = PBXGroup;
			children = (
				8A79349015A9A3EA0043BE99 /* ImageFiltersSample.h */,
				8A79349215A9A3F70043BE99 /* ImageFiltersSample.cpp */,
			);
			name = "Image Filters";
			sourceTree = "<group>";
		};
		8A7934BB15AB5BD40043BE99 /* SampleBase */ = {
			isa = PBXGroup;
			children = (
				8A66F70815DA3E2600EF1959 /* DefaultSampleIcon.png */,
				8A66F70915DA3E2600EF1959 /* DefaultSampleIcon~ipad.png */,
				369F2C2D15C1AEDD0032BD08 /* Globals.h */,
				369F2C2E15C1AEE50032BD08 /* Globals.cpp */,
				8A4388891595BCC400027D3C /* SampleBase.h */,
				8A43888B1595C1F000027D3C /* SampleBase.cpp */,
				8A7934AC15AB4A9C0043BE99 /* SampleOptions.h */,
				8A7934AD15AB4B750043BE99 /* SampleOptions.cpp */,
				8A66F71015DA535C00EF1959 /* SampleFacade.h */,
				8A66F71115DA535C00EF1959 /* SampleFacade.mm */,
			);
			name = SampleBase;
			sourceTree = "<group>";
		};
		8A7934C415AB5DB30043BE99 /* Options */ = {
			isa = PBXGroup;
			children = (
				8AFE53C715D7E3B200E7ADEB /* DoubleTableViewCell.h */,
				8AFE53C815D7E3B200E7ADEB /* DoubleTableViewCell.mm */,
				8AFE53C915D7E3B200E7ADEB /* DoubleTableViewCell.xib */,
				8A7934A615AB47060043BE99 /* SampleOptionsTableViewDelegate.h */,
				8A7934A715AB47060043BE99 /* SampleOptionsTableViewDelegate.mm */,
				8A79349D15A9ADA20043BE99 /* BooleanTableViewCell.h */,
				8A79349E15A9ADA20043BE99 /* BooleanTableViewCell.mm */,
				8A7934BC15AB5C5A0043BE99 /* BooleanTableViewCell.xib */,
				8A7934C515AB5E2F0043BE99 /* Int32TableViewCell.h */,
				8A7934C615AB5E2F0043BE99 /* Int32TableViewCell.mm */,
				8A7934C015AB5D490043BE99 /* Int32TableViewCell.xib */,
				8A7934C815AB5E390043BE99 /* FloatTableViewCell.h */,
				8A7934C915AB5E390043BE99 /* FloatTableViewCell.mm */,
				8A7934BE15AB5CB20043BE99 /* FloatTableViewCell.xib */,
				8A7934CB15AB5E440043BE99 /* EnumTableViewCell.h */,
				8A7934CC15AB5E440043BE99 /* EnumTableViewCell.mm */,
				8A7934C215AB5D560043BE99 /* EnumTableViewCell.xib */,
				8A00096D15AD6DF8001EA42D /* OptionCell.h */,
				8A00096E15AD6DF9001EA42D /* OptionCell.mm */,
				8A00097115AE0F08001EA42D /* OptionsTableView.h */,
				8A00097215AE0F09001EA42D /* OptionsTableView.mm */,
			);
			name = Options;
			sourceTree = "<group>";
		};
		8AA7F84D15A4620A0052C95A /* Button Images */ = {
			isa = PBXGroup;
			children = (
			);
			name = "Button Images";
			sourceTree = "<group>";
		};
		8AA7F84E15A462250052C95A /* View Controllers */ = {
			isa = PBXGroup;
			children = (
				8A7934C415AB5DB30043BE99 /* Options */,
				8A4388AF1595DE5800027D3C /* MasterViewController.h */,
				8A4388B01595DE5800027D3C /* MasterViewController.mm */,
				8A4388B21595DE5800027D3C /* DetailViewController.h */,
				8A4388B31595DE5800027D3C /* DetailViewController.mm */,
				8A723FD91599BB74008C72DB /* VideoViewController.h */,
				8A723FDA1599BB74008C72DB /* VideoViewController.mm */,
				8AE69C0415A3A47F00DAA115 /* ImageViewController.h */,
				8AE69C0515A3A47F00DAA115 /* ImageViewController.mm */,
				8A723FDC1599BB95008C72DB /* GLESImageView.h */,
				8A723FDD1599BB95008C72DB /* GLESImageView.mm */,
				8AB6D04615B99B590029641C /* BaseSampleViewController.h */,
				8AB6D04715B99B5A0029641C /* BaseSampleViewController.mm */,
			);
			name = "View Controllers";
			sourceTree = "<group>";
		};
		8AB6D04015B856010029641C /* CartoonFilter */ = {
			isa = PBXGroup;
			children = (
				8AB6D04115B8567C0029641C /* CartoonFilter.h */,
				8AB6D04215B856850029641C /* CartoonFilter.cpp */,
			);
			name = CartoonFilter;
			sourceTree = "<group>";
		};
		8AB6D05115BDEB320029641C /* Video Tracking */ = {
			isa = PBXGroup;
			children = (
				8A66F71415DA85BA00EF1959 /* VideoTrackingSampleIcon.png */,
				8AB6D04D15BDEB220029641C /* VideoTracking.hpp */,
				8AB6D04F15BDEB2F0029641C /* VideoTracking.cpp */,
			);
			name = "Video Tracking";
			sourceTree = "<group>";
		};
		8AB993C315A354F900D6AB1D /* Startup Images */ = {
			isa = PBXGroup;
			children = (
				8AB993C115A354BF00D6AB1D /* Default-Landscape~ipad.png */,
				8AB993BF15A354BA00D6AB1D /* Default-Landscape@2x~ipad.png */,
				8AB993BD15A354B100D6AB1D /* Default-Portrait@2x~ipad.png */,
				8AB993BB15A3549F00D6AB1D /* Default-Portrait~ipad.png */,
				8AB993B915A3549200D6AB1D /* Default@2x.png */,
				8AB993B715A3548A00D6AB1D /* Default.png */,
			);
			name = "Startup Images";
			sourceTree = "<group>";
		};
		8AFE53D015D7F19100E7ADEB /* OpenCV Neon */ = {
			isa = PBXGroup;
			children = (
				8AFE53CD15D7F18500E7ADEB /* cvneon.h */,
				8AFE53CE15D7F18E00E7ADEB /* cvneon.cpp */,
			);
			name = "OpenCV Neon";
			sourceTree = "<group>";
		};
/* End PBXGroup section */

/* Begin PBXNativeTarget section */
		8A4388971595DE5800027D3C /* OpenCV Tutorial */ = {
			isa = PBXNativeTarget;
			buildConfigurationList = 8A4388B51595DE5800027D3C /* Build configuration list for PBXNativeTarget "OpenCV Tutorial" */;
			buildPhases = (
				8A4388941595DE5800027D3C /* Sources */,
				8A4388951595DE5800027D3C /* Frameworks */,
				8A4388961595DE5800027D3C /* Resources */,
			);
			buildRules = (
			);
			dependencies = (
			);
			name = "OpenCV Tutorial";
			productName = "OpenCV Tutorial";
			productReference = 8A4388981595DE5800027D3C /* OpenCV Tutorial.app */;
			productType = "com.apple.product-type.application";
		};
/* End PBXNativeTarget section */

/* Begin PBXProject section */
		8A43885B1595BC4E00027D3C /* Project object */ = {
			isa = PBXProject;
			attributes = {
				LastUpgradeCheck = 0440;
			};
			buildConfigurationList = 8A43885E1595BC4E00027D3C /* Build configuration list for PBXProject "OpenCV Tutorial" */;
			compatibilityVersion = "Xcode 3.2";
			developmentRegion = English;
			hasScannedForEncodings = 0;
			knownRegions = (
				en,
			);
			mainGroup = 8A4388591595BC4E00027D3C;
			productRefGroup = 8A4388651595BC4F00027D3C /* Products */;
			projectDirPath = "";
			projectRoot = "";
			targets = (
				8A4388971595DE5800027D3C /* OpenCV Tutorial */,
			);
		};
/* End PBXProject section */

/* Begin PBXResourcesBuildPhase section */
		8A4388961595DE5800027D3C /* Resources */ = {
			isa = PBXResourcesBuildPhase;
			buildActionMask = 2147483647;
			files = (
				8A4388AB1595DE5800027D3C /* MainStoryboard_iPhone.storyboard in Resources */,
				8A4388AE1595DE5800027D3C /* MainStoryboard_iPad.storyboard in Resources */,
				8A4388D21596E0ED00027D3C /* Icon.png in Resources */,
				8A4388D41596E10600027D3C /* Icon@2x.png in Resources */,
				8A4388D61596E11200027D3C /* Icon-72.png in Resources */,
				8A4388D81596E11700027D3C /* Icon-72@2x.png in Resources */,
				8A4388E115971FF200027D3C /* EdgeDetectionSampleIcon.png in Resources */,
				8A4388E315971FFE00027D3C /* EdgeDetectionSampleIcon~ipad.png in Resources */,
				8A4388EB1597BD9D00027D3C /* ContourDetectionSampleIcon.png in Resources */,
				8A4388EC1597BD9D00027D3C /* ContourDetectionSampleIcon@2x.png in Resources */,
				8AB993B815A3548A00D6AB1D /* Default.png in Resources */,
				8AB993BA15A3549200D6AB1D /* Default@2x.png in Resources */,
				8AB993BC15A3549F00D6AB1D /* Default-Portrait~ipad.png in Resources */,
				8AB993BE15A354B100D6AB1D /* Default-Portrait@2x~ipad.png in Resources */,
				8AB993C015A354BA00D6AB1D /* Default-Landscape@2x~ipad.png in Resources */,
				8AB993C215A354BF00D6AB1D /* Default-Landscape~ipad.png in Resources */,
				8A7934BD15AB5C5A0043BE99 /* BooleanTableViewCell.xib in Resources */,
				8A7934BF15AB5CB20043BE99 /* FloatTableViewCell.xib in Resources */,
				8A7934C115AB5D490043BE99 /* Int32TableViewCell.xib in Resources */,
				8A7934C315AB5D560043BE99 /* EnumTableViewCell.xib in Resources */,
				8AB6D02015B54D450029641C /* cog_01.png in Resources */,
				8AB6D02115B54D450029641C /* cog_02.png in Resources */,
				8AB6D02415B54D540029641C /* cog_01@2x.png in Resources */,
				8AB6D02515B54D540029641C /* cog_02@2x.png in Resources */,
				8AB6D02815B54DFE0029641C /* record@2x.png in Resources */,
				8AB6D02915B54DFE0029641C /* refresh_straight_arrows@2x.png in Resources */,
				8AB6D02C15B54E0B0029641C /* refresh@2x.png in Resources */,
				8AB6D02D15B54E0B0029641C /* repeat@2x.png in Resources */,
				8AB6D02F15B54E570029641C /* refresh.png in Resources */,
				8AB6D03315B54EA60029641C /* record.png in Resources */,
				8AB6D03415B54EA60029641C /* refresh_straight_arrows.png in Resources */,
				8AB6D03515B54EA60029641C /* repeat.png in Resources */,
				8AB6D03815B552910029641C /* switchCamera.png in Resources */,
				8AB6D03B15B5556D0029641C /* switchCamera@2x.png in Resources */,
				8AB6D03D15B5585D0029641C /* photos_polaroid.png in Resources */,
				8AB6D03F15B5588E0029641C /* photos_polaroid@2x.png in Resources */,
				369F2C2A15C1A4950032BD08 /* ObjectTrackingSampleIcon.png in Resources */,
				369F2C2C15C1A5290032BD08 /* FeatureDetectionSampleIcon.png in Resources */,
				3641571D15C287AA00F80FFB /* DetectTrackSampleIcon.png in Resources */,
				8AFE53CB15D7E3B200E7ADEB /* DoubleTableViewCell.xib in Resources */,
				8A66F70A15DA3E2600EF1959 /* DefaultSampleIcon.png in Resources */,
				8A66F70B15DA3E2600EF1959 /* DefaultSampleIcon~ipad.png in Resources */,
				8A66F71515DA85BA00EF1959 /* VideoTrackingSampleIcon.png in Resources */,
				8A4C5D7615E2CAEA008887F0 /* ROFSampleIcon.png in Resources */,
			);
			runOnlyForDeploymentPostprocessing = 0;
		};
/* End PBXResourcesBuildPhase section */

/* Begin PBXSourcesBuildPhase section */
		8A4388941595DE5800027D3C /* Sources */ = {
			isa = PBXSourcesBuildPhase;
			buildActionMask = 2147483647;
			files = (
				8A4388A81595DE5800027D3C /* AppDelegate.mm in Sources */,
				8A4388B11595DE5800027D3C /* MasterViewController.mm in Sources */,
				8A4388B41595DE5800027D3C /* DetailViewController.mm in Sources */,
				8A4388DA1597171900027D3C /* EdgeDetectionSample.cpp in Sources */,
				8A4388DC1597189A00027D3C /* main.mm in Sources */,
				8A4388DD159718B100027D3C /* SampleBase.cpp in Sources */,
				8A4388DE159718B100027D3C /* ContourDetectionSample.cpp in Sources */,
				8A4388E81597B7BB00027D3C /* UIImage2OpenCV.mm in Sources */,
				8A723FC11599AC42008C72DB /* VideoSource.mm in Sources */,
				8A723FDB1599BB74008C72DB /* VideoViewController.mm in Sources */,
				8A723FDE1599BB95008C72DB /* GLESImageView.mm in Sources */,
				8AE69C0615A3A47F00DAA115 /* ImageViewController.mm in Sources */,
				8AA7F85115A462400052C95A /* FPSCalculator.mm in Sources */,
				8A79349315A9A3F70043BE99 /* ImageFiltersSample.cpp in Sources */,
				8A79349F15A9ADA20043BE99 /* BooleanTableViewCell.mm in Sources */,
				8A7934A815AB47070043BE99 /* SampleOptionsTableViewDelegate.mm in Sources */,
				8A7934AB15AB48C80043BE99 /* NSString+StdString.mm in Sources */,
				8A7934AE15AB4B750043BE99 /* SampleOptions.cpp in Sources */,
				8A7934C715AB5E2F0043BE99 /* Int32TableViewCell.mm in Sources */,
				8A7934CA15AB5E3A0043BE99 /* FloatTableViewCell.mm in Sources */,
				8A7934CD15AB5E440043BE99 /* EnumTableViewCell.mm in Sources */,
				8A00096F15AD6DF9001EA42D /* OptionCell.mm in Sources */,
				8A00097315AE0F0A001EA42D /* OptionsTableView.mm in Sources */,
				8AB6D01615B02A030029641C /* DummyVideoSource.mm in Sources */,
				8AB6D04315B856850029641C /* CartoonFilter.cpp in Sources */,
				8AB6D04815B99B5B0029641C /* BaseSampleViewController.mm in Sources */,
				8AB6D05015BDEB2F0029641C /* VideoTracking.cpp in Sources */,
				363DA0BF15C097AC00347AB2 /* FeatureDetectionSample.cpp in Sources */,
				369F2C2415C1A3C70032BD08 /* ObjectTrackingClass.cpp in Sources */,
				369F2C2815C1A3F00032BD08 /* ObjectTrackingSample.cpp in Sources */,
				369F2C2F15C1AEE50032BD08 /* Globals.cpp in Sources */,
				3641572115C2880E00F80FFB /* DetectTrackSample.cpp in Sources */,
				8AFE53CA15D7E3B200E7ADEB /* DoubleTableViewCell.mm in Sources */,
				8AFE53CF15D7F18E00E7ADEB /* cvneon.cpp in Sources */,
				8A66F71215DA535C00EF1959 /* SampleFacade.mm in Sources */,
				8A4C5D7515E2CAEA008887F0 /* ROFSample.cpp in Sources */,
				8A4C5D7715E2CAEA008887F0 /* totalvariation.cpp in Sources */,
				8A4A123D15F68B680096D272 /* DrawingCanvas.cpp in Sources */,
				8A6E0BD81614946100C1D644 /* FeatureDetectionClass.cpp in Sources */,
			);
			runOnlyForDeploymentPostprocessing = 0;
		};
/* End PBXSourcesBuildPhase section */

/* Begin PBXVariantGroup section */
		8A4388711595BC4F00027D3C /* InfoPlist.strings */ = {
			isa = PBXVariantGroup;
			children = (
				8A4388721595BC4F00027D3C /* en */,
			);
			name = InfoPlist.strings;
			sourceTree = "<group>";
		};
		8A4388A91595DE5800027D3C /* MainStoryboard_iPhone.storyboard */ = {
			isa = PBXVariantGroup;
			children = (
				8A4388AA1595DE5800027D3C /* en */,
			);
			name = MainStoryboard_iPhone.storyboard;
			sourceTree = "<group>";
		};
		8A4388AC1595DE5800027D3C /* MainStoryboard_iPad.storyboard */ = {
			isa = PBXVariantGroup;
			children = (
				8A4388AD1595DE5800027D3C /* en */,
			);
			name = MainStoryboard_iPad.storyboard;
			sourceTree = "<group>";
		};
/* End PBXVariantGroup section */

/* Begin XCBuildConfiguration section */
		8A4388831595BC4F00027D3C /* Debug */ = {
			isa = XCBuildConfiguration;
			buildSettings = {
				ALWAYS_SEARCH_USER_PATHS = YES;
				ARCHS = "$(ARCHS_STANDARD_32_BIT)";
				CLANG_ENABLE_OBJC_ARC = YES;
				CODE_SIGN_IDENTITY = "iPhone Developer";
				"CODE_SIGN_IDENTITY[sdk=iphoneos*]" = "iPhone Developer";
				COPY_PHASE_STRIP = NO;
				FRAMEWORK_SEARCH_PATHS = (
					"$(inherited)",
					"\"$(SRCROOT)\"",
				);
				GCC_C_LANGUAGE_STANDARD = gnu99;
				GCC_DYNAMIC_NO_PIC = NO;
				GCC_OPTIMIZATION_LEVEL = 0;
				GCC_PREFIX_HEADER = "";
				GCC_PREPROCESSOR_DEFINITIONS = (
					"DEBUG=1",
					"$(inherited)",
				);
				GCC_SYMBOLS_PRIVATE_EXTERN = NO;
				GCC_VERSION = com.apple.compilers.llvm.clang.1_0;
				GCC_WARN_ABOUT_RETURN_TYPE = YES;
				GCC_WARN_UNINITIALIZED_AUTOS = YES;
				GCC_WARN_UNUSED_VARIABLE = YES;
				HEADER_SEARCH_PATHS = "";
				IPHONEOS_DEPLOYMENT_TARGET = 5.1;
				LIBRARY_SEARCH_PATHS = "";
				OTHER_CFLAGS = "";
				OTHER_CPLUSPLUSFLAGS = "-DNS_BLOCK_ASSERTIONS=1";
				OTHER_LDFLAGS = "";
				PROVISIONING_PROFILE = "";
				SDKROOT = iphoneos;
				TARGETED_DEVICE_FAMILY = "1,2";
				USER_HEADER_SEARCH_PATHS = "";
			};
			name = Debug;
		};
		8A4388841595BC4F00027D3C /* Release */ = {
			isa = XCBuildConfiguration;
			buildSettings = {
				ALWAYS_SEARCH_USER_PATHS = YES;
				ARCHS = "$(ARCHS_STANDARD_32_BIT)";
				CLANG_ENABLE_OBJC_ARC = YES;
				CODE_SIGN_IDENTITY = "iPhone Developer";
				"CODE_SIGN_IDENTITY[sdk=iphoneos*]" = "iPhone Developer";
				COPY_PHASE_STRIP = YES;
				FRAMEWORK_SEARCH_PATHS = (
					"$(inherited)",
					"\"$(SRCROOT)\"",
				);
				GCC_C_LANGUAGE_STANDARD = gnu99;
				GCC_PREFIX_HEADER = "";
				GCC_VERSION = com.apple.compilers.llvm.clang.1_0;
				GCC_WARN_ABOUT_RETURN_TYPE = YES;
				GCC_WARN_UNINITIALIZED_AUTOS = YES;
				GCC_WARN_UNUSED_VARIABLE = YES;
				HEADER_SEARCH_PATHS = "";
				IPHONEOS_DEPLOYMENT_TARGET = 5.1;
				OTHER_CFLAGS = "";
				OTHER_CPLUSPLUSFLAGS = "-DNS_BLOCK_ASSERTIONS=1";
				OTHER_LDFLAGS = "";
				PROVISIONING_PROFILE = "";
				SDKROOT = iphoneos;
				TARGETED_DEVICE_FAMILY = "1,2";
				USER_HEADER_SEARCH_PATHS = "";
				VALIDATE_PRODUCT = YES;
			};
			name = Release;
		};
		8A4388B61595DE5800027D3C /* Debug */ = {
			isa = XCBuildConfiguration;
			buildSettings = {
				ALWAYS_SEARCH_USER_PATHS = YES;
				CLANG_CXX_LIBRARY = "libc++";
				CODE_SIGN_IDENTITY = "iPhone Developer";
				"CODE_SIGN_IDENTITY[sdk=iphoneos*]" = "iPhone Developer";
				FRAMEWORK_SEARCH_PATHS = (
					"$(inherited)",
					"\"$(SRCROOT)\"",
				);
				GCC_C_LANGUAGE_STANDARD = "compiler-default";
				GCC_PRECOMPILE_PREFIX_HEADER = YES;
				GCC_PREFIX_HEADER = "OpenCV Tutorial/OpenCV Tutorial-Prefix.pch";
				HEADER_SEARCH_PATHS = "";
				INFOPLIST_FILE = "OpenCV Tutorial/OpenCV Tutorial-Info.plist";
				LIBRARY_SEARCH_PATHS = "";
				OTHER_CFLAGS = "-mfpu=neon";
				OTHER_CPLUSPLUSFLAGS = "-mfpu=neon";
				OTHER_LDFLAGS = "";
				PRODUCT_NAME = "$(TARGET_NAME)";
				PROVISIONING_PROFILE = "";
				VALID_ARCHS = armv7;
				WARNING_LDFLAGS = "";
				WRAPPER_EXTENSION = app;
			};
			name = Debug;
		};
		8A4388B71595DE5800027D3C /* Release */ = {
			isa = XCBuildConfiguration;
			buildSettings = {
				ALWAYS_SEARCH_USER_PATHS = YES;
				CLANG_CXX_LIBRARY = "libc++";
				CODE_SIGN_IDENTITY = "iPhone Developer";
				"CODE_SIGN_IDENTITY[sdk=iphoneos*]" = "iPhone Developer";
				FRAMEWORK_SEARCH_PATHS = (
					"$(inherited)",
					"\"$(SRCROOT)\"",
				);
				GCC_C_LANGUAGE_STANDARD = "compiler-default";
				GCC_PRECOMPILE_PREFIX_HEADER = YES;
				GCC_PREFIX_HEADER = "OpenCV Tutorial/OpenCV Tutorial-Prefix.pch";
				HEADER_SEARCH_PATHS = "";
				INFOPLIST_FILE = "OpenCV Tutorial/OpenCV Tutorial-Info.plist";
				LIBRARY_SEARCH_PATHS = "";
				OTHER_CFLAGS = (
					"-DNS_BLOCK_ASSERTIONS=1",
					"-mfpu=neon",
				);
				OTHER_CPLUSPLUSFLAGS = (
					"-DNS_BLOCK_ASSERTIONS=1",
					"-mfpu=neon",
				);
				OTHER_LDFLAGS = "";
				PRODUCT_NAME = "$(TARGET_NAME)";
				PROVISIONING_PROFILE = "";
				VALID_ARCHS = armv7;
				WARNING_LDFLAGS = "";
				WRAPPER_EXTENSION = app;
			};
			name = Release;
		};
/* End XCBuildConfiguration section */

/* Begin XCConfigurationList section */
		8A43885E1595BC4E00027D3C /* Build configuration list for PBXProject "OpenCV Tutorial" */ = {
			isa = XCConfigurationList;
			buildConfigurations = (
				8A4388831595BC4F00027D3C /* Debug */,
				8A4388841595BC4F00027D3C /* Release */,
			);
			defaultConfigurationIsVisible = 0;
			defaultConfigurationName = Release;
		};
		8A4388B51595DE5800027D3C /* Build configuration list for PBXNativeTarget "OpenCV Tutorial" */ = {
			isa = XCConfigurationList;
			buildConfigurations = (
				8A4388B61595DE5800027D3C /* Debug */,
				8A4388B71595DE5800027D3C /* Release */,
			);
			defaultConfigurationIsVisible = 0;
			defaultConfigurationName = Release;
		};
/* End XCConfigurationList section */
	};
	rootObject = 8A43885B1595BC4E00027D3C /* Project object */;
}
