// !$*UTF8*$!
{
	archiveVersion = 1;
	classes = {
	};
	objectVersion = 46;
	objects = {

/* Begin PBXBuildFile section */
		8A43889A1595DE5800027D3C /* UIKit.framework in Frameworks */ = {isa = PBXBuildFile; fileRef = 8A4388681595BC4F00027D3C /* UIKit.framework */; };
		8A43889B1595DE5800027D3C /* Foundation.framework in Frameworks */ = {isa = PBXBuildFile; fileRef = 8A43886A1595BC4F00027D3C /* Foundation.framework */; };
		8A43889C1595DE5800027D3C /* CoreGraphics.framework in Frameworks */ = {isa = PBXBuildFile; fileRef = 8A43886C1595BC4F00027D3C /* CoreGraphics.framework */; };
		8A4388A81595DE5800027D3C /* AppDelegate.mm in Sources */ = {isa = PBXBuildFile; fileRef = 8A4388A71595DE5800027D3C /* AppDelegate.mm */; };
		8A4388AB1595DE5800027D3C /* MainStoryboard_iPhone.storyboard in Resources */ = {isa = PBXBuildFile; fileRef = 8A4388A91595DE5800027D3C /* MainStoryboard_iPhone.storyboard */; };
		8A4388AE1595DE5800027D3C /* MainStoryboard_iPad.storyboard in Resources */ = {isa = PBXBuildFile; fileRef = 8A4388AC1595DE5800027D3C /* MainStoryboard_iPad.storyboard */; };
		8A4388B11595DE5800027D3C /* MasterViewController.mm in Sources */ = {isa = PBXBuildFile; fileRef = 8A4388B01595DE5800027D3C /* MasterViewController.mm */; };
		8A4388B41595DE5800027D3C /* DetailViewController.mm in Sources */ = {isa = PBXBuildFile; fileRef = 8A4388B31595DE5800027D3C /* DetailViewController.mm */; };
		8A4388D21596E0ED00027D3C /* Icon.png in Resources */ = {isa = PBXBuildFile; fileRef = 8A4388D11596E0ED00027D3C /* Icon.png */; };
		8A4388D41596E10600027D3C /* Icon@2x.png in Resources */ = {isa = PBXBuildFile; fileRef = 8A4388D31596E10600027D3C /* Icon@2x.png */; };
		8A4388D61596E11200027D3C /* Icon-72.png in Resources */ = {isa = PBXBuildFile; fileRef = 8A4388D51596E11200027D3C /* Icon-72.png */; };
		8A4388D81596E11700027D3C /* Icon-72@2x.png in Resources */ = {isa = PBXBuildFile; fileRef = 8A4388D71596E11700027D3C /* Icon-72@2x.png */; };
		8A4388DA1597171900027D3C /* EdgeDetectionSample.cpp in Sources */ = {isa = PBXBuildFile; fileRef = 8A4388D91597171900027D3C /* EdgeDetectionSample.cpp */; };
		8A4388DC1597189A00027D3C /* main.mm in Sources */ = {isa = PBXBuildFile; fileRef = 8A4388741595BC4F00027D3C /* main.mm */; };
		8A4388DD159718B100027D3C /* SampleBase.cpp in Sources */ = {isa = PBXBuildFile; fileRef = 8A43888B1595C1F000027D3C /* SampleBase.cpp */; };
		8A4388DE159718B100027D3C /* ContourDetectionSample.cpp in Sources */ = {isa = PBXBuildFile; fileRef = 8A4388911595CAF700027D3C /* ContourDetectionSample.cpp */; };
		8A4388E115971FF200027D3C /* EdgeDetectionSampleIcon.png in Resources */ = {isa = PBXBuildFile; fileRef = 8A4388E015971FF200027D3C /* EdgeDetectionSampleIcon.png */; };
		8A4388E315971FFE00027D3C /* EdgeDetectionSampleIcon@2x.png in Resources */ = {isa = PBXBuildFile; fileRef = 8A4388E215971FFE00027D3C /* EdgeDetectionSampleIcon@2x.png */; };
		8A4388E81597B7BB00027D3C /* UIImage2OpenCV.mm in Sources */ = {isa = PBXBuildFile; fileRef = 8A4388E71597B7BB00027D3C /* UIImage2OpenCV.mm */; };
		8A4388EB1597BD9D00027D3C /* ContourDetectionSampleIcon.png in Resources */ = {isa = PBXBuildFile; fileRef = 8A4388E91597BD9D00027D3C /* ContourDetectionSampleIcon.png */; };
		8A4388EC1597BD9D00027D3C /* ContourDetectionSampleIcon@2x.png in Resources */ = {isa = PBXBuildFile; fileRef = 8A4388EA1597BD9D00027D3C /* ContourDetectionSampleIcon@2x.png */; };
		8A723FC11599AC42008C72DB /* VideoSource.mm in Sources */ = {isa = PBXBuildFile; fileRef = 8A723FC01599AC42008C72DB /* VideoSource.mm */; };
		8A723FC81599B6EE008C72DB /* AVFoundation.framework in Frameworks */ = {isa = PBXBuildFile; fileRef = 8A723FC71599B6EE008C72DB /* AVFoundation.framework */; };
		8A723FCB1599B6F2008C72DB /* GLKit.framework in Frameworks */ = {isa = PBXBuildFile; fileRef = 8A723FC91599B6F2008C72DB /* GLKit.framework */; };
		8A723FCC1599B6F2008C72DB /* OpenGLES.framework in Frameworks */ = {isa = PBXBuildFile; fileRef = 8A723FCA1599B6F2008C72DB /* OpenGLES.framework */; };
		8A723FCF1599B6FC008C72DB /* CoreImage.framework in Frameworks */ = {isa = PBXBuildFile; fileRef = 8A723FCD1599B6FC008C72DB /* CoreImage.framework */; };
		8A723FD01599B6FC008C72DB /* CoreMedia.framework in Frameworks */ = {isa = PBXBuildFile; fileRef = 8A723FCE1599B6FC008C72DB /* CoreMedia.framework */; };
		8A723FD21599B700008C72DB /* QuartzCore.framework in Frameworks */ = {isa = PBXBuildFile; fileRef = 8A723FD11599B700008C72DB /* QuartzCore.framework */; };
		8A723FD41599B70B008C72DB /* CoreVideo.framework in Frameworks */ = {isa = PBXBuildFile; fileRef = 8A723FD31599B70B008C72DB /* CoreVideo.framework */; };
		8A723FD71599B738008C72DB /* SampleViewController.mm in Sources */ = {isa = PBXBuildFile; fileRef = 8A723FD61599B738008C72DB /* SampleViewController.mm */; };
		8A723FDB1599BB74008C72DB /* VideoViewController.mm in Sources */ = {isa = PBXBuildFile; fileRef = 8A723FDA1599BB74008C72DB /* VideoViewController.mm */; };
		8A723FDE1599BB95008C72DB /* GLESImageView.mm in Sources */ = {isa = PBXBuildFile; fileRef = 8A723FDD1599BB95008C72DB /* GLESImageView.mm */; };
		8A723FE01599ECF3008C72DB /* refresh.png in Resources */ = {isa = PBXBuildFile; fileRef = 8A723FDF1599ECF3008C72DB /* refresh.png */; };
/* End PBXBuildFile section */

/* Begin PBXFileReference section */
		8A4388681595BC4F00027D3C /* UIKit.framework */ = {isa = PBXFileReference; lastKnownFileType = wrapper.framework; name = UIKit.framework; path = System/Library/Frameworks/UIKit.framework; sourceTree = SDKROOT; };
		8A43886A1595BC4F00027D3C /* Foundation.framework */ = {isa = PBXFileReference; lastKnownFileType = wrapper.framework; name = Foundation.framework; path = System/Library/Frameworks/Foundation.framework; sourceTree = SDKROOT; };
		8A43886C1595BC4F00027D3C /* CoreGraphics.framework */ = {isa = PBXFileReference; lastKnownFileType = wrapper.framework; name = CoreGraphics.framework; path = System/Library/Frameworks/CoreGraphics.framework; sourceTree = SDKROOT; };
		8A4388701595BC4F00027D3C /* OpenCV Tutorial-Info.plist */ = {isa = PBXFileReference; lastKnownFileType = text.plist.xml; path = "OpenCV Tutorial-Info.plist"; sourceTree = "<group>"; };
		8A4388721595BC4F00027D3C /* en */ = {isa = PBXFileReference; lastKnownFileType = text.plist.strings; name = en; path = en.lproj/InfoPlist.strings; sourceTree = "<group>"; };
		8A4388741595BC4F00027D3C /* main.mm */ = {isa = PBXFileReference; lastKnownFileType = sourcecode.cpp.objcpp; path = main.mm; sourceTree = "<group>"; };
		8A4388761595BC4F00027D3C /* OpenCV Tutorial-Prefix.pch */ = {isa = PBXFileReference; lastKnownFileType = sourcecode.c.h; path = "OpenCV Tutorial-Prefix.pch"; sourceTree = "<group>"; };
		8A4388891595BCC400027D3C /* SampleBase.h */ = {isa = PBXFileReference; fileEncoding = 4; lastKnownFileType = sourcecode.c.h; path = SampleBase.h; sourceTree = "<group>"; };
		8A43888B1595C1F000027D3C /* SampleBase.cpp */ = {isa = PBXFileReference; fileEncoding = 4; lastKnownFileType = sourcecode.cpp.cpp; path = SampleBase.cpp; sourceTree = "<group>"; };
		8A4388911595CAF700027D3C /* ContourDetectionSample.cpp */ = {isa = PBXFileReference; fileEncoding = 4; lastKnownFileType = sourcecode.cpp.cpp; path = ContourDetectionSample.cpp; sourceTree = "<group>"; };
		8A4388931595CB0300027D3C /* ContourDetectionSample.h */ = {isa = PBXFileReference; lastKnownFileType = sourcecode.c.h; path = ContourDetectionSample.h; sourceTree = "<group>"; };
		8A4388981595DE5800027D3C /* OpenCV Tutorial.app */ = {isa = PBXFileReference; explicitFileType = wrapper.application; includeInIndex = 0; path = "OpenCV Tutorial.app"; sourceTree = BUILT_PRODUCTS_DIR; };
		8A4388A61595DE5800027D3C /* AppDelegate.h */ = {isa = PBXFileReference; lastKnownFileType = sourcecode.c.h; path = AppDelegate.h; sourceTree = "<group>"; };
		8A4388A71595DE5800027D3C /* AppDelegate.mm */ = {isa = PBXFileReference; lastKnownFileType = sourcecode.cpp.objcpp; path = AppDelegate.mm; sourceTree = "<group>"; };
		8A4388AA1595DE5800027D3C /* en */ = {isa = PBXFileReference; lastKnownFileType = file.storyboard; name = en; path = en.lproj/MainStoryboard_iPhone.storyboard; sourceTree = "<group>"; };
		8A4388AD1595DE5800027D3C /* en */ = {isa = PBXFileReference; lastKnownFileType = file.storyboard; name = en; path = en.lproj/MainStoryboard_iPad.storyboard; sourceTree = "<group>"; };
		8A4388AF1595DE5800027D3C /* MasterViewController.h */ = {isa = PBXFileReference; lastKnownFileType = sourcecode.c.h; path = MasterViewController.h; sourceTree = "<group>"; };
		8A4388B01595DE5800027D3C /* MasterViewController.mm */ = {isa = PBXFileReference; lastKnownFileType = sourcecode.cpp.objcpp; path = MasterViewController.mm; sourceTree = "<group>"; };
		8A4388B21595DE5800027D3C /* DetailViewController.h */ = {isa = PBXFileReference; lastKnownFileType = sourcecode.c.h; path = DetailViewController.h; sourceTree = "<group>"; };
		8A4388B31595DE5800027D3C /* DetailViewController.mm */ = {isa = PBXFileReference; lastKnownFileType = sourcecode.cpp.objcpp; path = DetailViewController.mm; sourceTree = "<group>"; };
		8A4388D11596E0ED00027D3C /* Icon.png */ = {isa = PBXFileReference; lastKnownFileType = image.png; name = Icon.png; path = ../Icon.png; sourceTree = "<group>"; };
		8A4388D31596E10600027D3C /* Icon@2x.png */ = {isa = PBXFileReference; lastKnownFileType = image.png; name = "Icon@2x.png"; path = "../Icon@2x.png"; sourceTree = "<group>"; };
		8A4388D51596E11200027D3C /* Icon-72.png */ = {isa = PBXFileReference; lastKnownFileType = image.png; name = "Icon-72.png"; path = "../Icon-72.png"; sourceTree = "<group>"; };
		8A4388D71596E11700027D3C /* Icon-72@2x.png */ = {isa = PBXFileReference; lastKnownFileType = image.png; name = "Icon-72@2x.png"; path = "../Icon-72@2x.png"; sourceTree = "<group>"; };
		8A4388D91597171900027D3C /* EdgeDetectionSample.cpp */ = {isa = PBXFileReference; fileEncoding = 4; lastKnownFileType = sourcecode.cpp.cpp; path = EdgeDetectionSample.cpp; sourceTree = "<group>"; };
		8A4388DB1597172300027D3C /* EdgeDetectionSample.h */ = {isa = PBXFileReference; lastKnownFileType = sourcecode.c.h; path = EdgeDetectionSample.h; sourceTree = "<group>"; };
		8A4388E015971FF200027D3C /* EdgeDetectionSampleIcon.png */ = {isa = PBXFileReference; lastKnownFileType = image.png; path = EdgeDetectionSampleIcon.png; sourceTree = "<group>"; };
		8A4388E215971FFE00027D3C /* EdgeDetectionSampleIcon@2x.png */ = {isa = PBXFileReference; lastKnownFileType = image.png; path = "EdgeDetectionSampleIcon@2x.png"; sourceTree = "<group>"; };
		8A4388E61597B75400027D3C /* UIImage2OpenCV.h */ = {isa = PBXFileReference; fileEncoding = 4; lastKnownFileType = sourcecode.c.h; path = UIImage2OpenCV.h; sourceTree = "<group>"; };
		8A4388E71597B7BB00027D3C /* UIImage2OpenCV.mm */ = {isa = PBXFileReference; fileEncoding = 4; lastKnownFileType = sourcecode.cpp.objcpp; path = UIImage2OpenCV.mm; sourceTree = "<group>"; };
		8A4388E91597BD9D00027D3C /* ContourDetectionSampleIcon.png */ = {isa = PBXFileReference; lastKnownFileType = image.png; path = ContourDetectionSampleIcon.png; sourceTree = "<group>"; };
		8A4388EA1597BD9D00027D3C /* ContourDetectionSampleIcon@2x.png */ = {isa = PBXFileReference; lastKnownFileType = image.png; path = "ContourDetectionSampleIcon@2x.png"; sourceTree = "<group>"; };
		8A4388F01597C49B00027D3C /* README.md */ = {isa = PBXFileReference; lastKnownFileType = text; path = README.md; sourceTree = "<group>"; };
		8A723FBF1599AC42008C72DB /* VideoSource.h */ = {isa = PBXFileReference; fileEncoding = 4; lastKnownFileType = sourcecode.c.h; path = VideoSource.h; sourceTree = "<group>"; };
		8A723FC01599AC42008C72DB /* VideoSource.mm */ = {isa = PBXFileReference; fileEncoding = 4; lastKnownFileType = sourcecode.cpp.objcpp; path = VideoSource.mm; sourceTree = "<group>"; };
		8A723FC71599B6EE008C72DB /* AVFoundation.framework */ = {isa = PBXFileReference; lastKnownFileType = wrapper.framework; name = AVFoundation.framework; path = System/Library/Frameworks/AVFoundation.framework; sourceTree = SDKROOT; };
		8A723FC91599B6F2008C72DB /* GLKit.framework */ = {isa = PBXFileReference; lastKnownFileType = wrapper.framework; name = GLKit.framework; path = System/Library/Frameworks/GLKit.framework; sourceTree = SDKROOT; };
		8A723FCA1599B6F2008C72DB /* OpenGLES.framework */ = {isa = PBXFileReference; lastKnownFileType = wrapper.framework; name = OpenGLES.framework; path = System/Library/Frameworks/OpenGLES.framework; sourceTree = SDKROOT; };
		8A723FCD1599B6FC008C72DB /* CoreImage.framework */ = {isa = PBXFileReference; lastKnownFileType = wrapper.framework; name = CoreImage.framework; path = System/Library/Frameworks/CoreImage.framework; sourceTree = SDKROOT; };
		8A723FCE1599B6FC008C72DB /* CoreMedia.framework */ = {isa = PBXFileReference; lastKnownFileType = wrapper.framework; name = CoreMedia.framework; path = System/Library/Frameworks/CoreMedia.framework; sourceTree = SDKROOT; };
		8A723FD11599B700008C72DB /* QuartzCore.framework */ = {isa = PBXFileReference; lastKnownFileType = wrapper.framework; name = QuartzCore.framework; path = System/Library/Frameworks/QuartzCore.framework; sourceTree = SDKROOT; };
		8A723FD31599B70B008C72DB /* CoreVideo.framework */ = {isa = PBXFileReference; lastKnownFileType = wrapper.framework; name = CoreVideo.framework; path = System/Library/Frameworks/CoreVideo.framework; sourceTree = SDKROOT; };
		8A723FD51599B738008C72DB /* SampleViewController.h */ = {isa = PBXFileReference; fileEncoding = 4; lastKnownFileType = sourcecode.c.h; path = SampleViewController.h; sourceTree = "<group>"; };
		8A723FD61599B738008C72DB /* SampleViewController.mm */ = {isa = PBXFileReference; fileEncoding = 4; lastKnownFileType = sourcecode.cpp.objcpp; path = SampleViewController.mm; sourceTree = "<group>"; };
		8A723FD91599BB74008C72DB /* VideoViewController.h */ = {isa = PBXFileReference; fileEncoding = 4; lastKnownFileType = sourcecode.c.h; path = VideoViewController.h; sourceTree = "<group>"; };
		8A723FDA1599BB74008C72DB /* VideoViewController.mm */ = {isa = PBXFileReference; fileEncoding = 4; lastKnownFileType = sourcecode.cpp.objcpp; path = VideoViewController.mm; sourceTree = "<group>"; };
		8A723FDC1599BB95008C72DB /* GLESImageView.h */ = {isa = PBXFileReference; fileEncoding = 4; lastKnownFileType = sourcecode.c.h; path = GLESImageView.h; sourceTree = "<group>"; };
		8A723FDD1599BB95008C72DB /* GLESImageView.mm */ = {isa = PBXFileReference; fileEncoding = 4; lastKnownFileType = sourcecode.cpp.objcpp; path = GLESImageView.mm; sourceTree = "<group>"; };
		8A723FDF1599ECF3008C72DB /* refresh.png */ = {isa = PBXFileReference; lastKnownFileType = image.png; path = refresh.png; sourceTree = "<group>"; };
/* End PBXFileReference section */

/* Begin PBXFrameworksBuildPhase section */
		8A4388951595DE5800027D3C /* Frameworks */ = {
			isa = PBXFrameworksBuildPhase;
			buildActionMask = 2147483647;
			files = (
				8A723FD41599B70B008C72DB /* CoreVideo.framework in Frameworks */,
				8A723FD21599B700008C72DB /* QuartzCore.framework in Frameworks */,
				8A723FCF1599B6FC008C72DB /* CoreImage.framework in Frameworks */,
				8A723FD01599B6FC008C72DB /* CoreMedia.framework in Frameworks */,
				8A43889C1595DE5800027D3C /* CoreGraphics.framework in Frameworks */,
				8A723FCB1599B6F2008C72DB /* GLKit.framework in Frameworks */,
				8A723FCC1599B6F2008C72DB /* OpenGLES.framework in Frameworks */,
				8A723FC81599B6EE008C72DB /* AVFoundation.framework in Frameworks */,
				8A43889A1595DE5800027D3C /* UIKit.framework in Frameworks */,
				8A43889B1595DE5800027D3C /* Foundation.framework in Frameworks */,
			);
			runOnlyForDeploymentPostprocessing = 0;
		};
/* End PBXFrameworksBuildPhase section */

/* Begin PBXGroup section */
		8A4388591595BC4E00027D3C = {
			isa = PBXGroup;
			children = (
				8A43886E1595BC4F00027D3C /* OpenCV Tutorial */,
				8A4388671595BC4F00027D3C /* Frameworks */,
				8A4388651595BC4F00027D3C /* Products */,
				8A4388F01597C49B00027D3C /* README.md */,
			);
			sourceTree = "<group>";
		};
		8A4388651595BC4F00027D3C /* Products */ = {
			isa = PBXGroup;
			children = (
				8A4388981595DE5800027D3C /* OpenCV Tutorial.app */,
			);
			name = Products;
			sourceTree = "<group>";
		};
		8A4388671595BC4F00027D3C /* Frameworks */ = {
			isa = PBXGroup;
			children = (
				8A723FD31599B70B008C72DB /* CoreVideo.framework */,
				8A723FD11599B700008C72DB /* QuartzCore.framework */,
				8A723FCD1599B6FC008C72DB /* CoreImage.framework */,
				8A723FCE1599B6FC008C72DB /* CoreMedia.framework */,
				8A723FC91599B6F2008C72DB /* GLKit.framework */,
				8A723FCA1599B6F2008C72DB /* OpenGLES.framework */,
				8A723FC71599B6EE008C72DB /* AVFoundation.framework */,
				8A4388681595BC4F00027D3C /* UIKit.framework */,
				8A43886A1595BC4F00027D3C /* Foundation.framework */,
				8A43886C1595BC4F00027D3C /* CoreGraphics.framework */,
			);
			name = Frameworks;
			sourceTree = "<group>";
		};
		8A43886E1595BC4F00027D3C /* OpenCV Tutorial */ = {
			isa = PBXGroup;
			children = (
				8A723FDF1599ECF3008C72DB /* refresh.png */,
				8A4388AF1595DE5800027D3C /* MasterViewController.h */,
				8A4388B01595DE5800027D3C /* MasterViewController.mm */,
				8A4388B21595DE5800027D3C /* DetailViewController.h */,
				8A4388B31595DE5800027D3C /* DetailViewController.mm */,
				8A723FD51599B738008C72DB /* SampleViewController.h */,
				8A723FD61599B738008C72DB /* SampleViewController.mm */,
				8A723FD91599BB74008C72DB /* VideoViewController.h */,
				8A723FDA1599BB74008C72DB /* VideoViewController.mm */,
				8A723FDC1599BB95008C72DB /* GLESImageView.h */,
				8A723FDD1599BB95008C72DB /* GLESImageView.mm */,
				8A723FD81599B751008C72DB /* Storyboards */,
				8A43888A1595C1DF00027D3C /* Samples */,
				8A4388881595BCB000027D3C /* VideoSource */,
				8A43886F1595BC4F00027D3C /* Supporting Files */,
			);
			path = "OpenCV Tutorial";
			sourceTree = "<group>";
		};
		8A43886F1595BC4F00027D3C /* Supporting Files */ = {
			isa = PBXGroup;
			children = (
				8A4388A61595DE5800027D3C /* AppDelegate.h */,
				8A4388A71595DE5800027D3C /* AppDelegate.mm */,
				8A4388D01596E0B300027D3C /* Icons */,
				8A4388701595BC4F00027D3C /* OpenCV Tutorial-Info.plist */,
				8A4388711595BC4F00027D3C /* InfoPlist.strings */,
				8A4388741595BC4F00027D3C /* main.mm */,
				8A4388761595BC4F00027D3C /* OpenCV Tutorial-Prefix.pch */,
				8A4388E61597B75400027D3C /* UIImage2OpenCV.h */,
				8A4388E71597B7BB00027D3C /* UIImage2OpenCV.mm */,
			);
			name = "Supporting Files";
			sourceTree = "<group>";
		};
		8A4388881595BCB000027D3C /* VideoSource */ = {
			isa = PBXGroup;
			children = (
				8A723FBF1599AC42008C72DB /* VideoSource.h */,
				8A723FC01599AC42008C72DB /* VideoSource.mm */,
			);
			name = VideoSource;
			sourceTree = "<group>";
		};
		8A43888A1595C1DF00027D3C /* Samples */ = {
			isa = PBXGroup;
			children = (
				8A4388E41597B6E500027D3C /* Contour Detection */,
				8A4388DF15971FE000027D3C /* Edge Detection */,
				8A4388891595BCC400027D3C /* SampleBase.h */,
				8A43888B1595C1F000027D3C /* SampleBase.cpp */,
			);
			name = Samples;
			sourceTree = "<group>";
		};
		8A4388D01596E0B300027D3C /* Icons */ = {
			isa = PBXGroup;
			children = (
				8A4388D71596E11700027D3C /* Icon-72@2x.png */,
				8A4388D51596E11200027D3C /* Icon-72.png */,
				8A4388D31596E10600027D3C /* Icon@2x.png */,
				8A4388D11596E0ED00027D3C /* Icon.png */,
			);
			name = Icons;
			sourceTree = "<group>";
		};
		8A4388DF15971FE000027D3C /* Edge Detection */ = {
			isa = PBXGroup;
			children = (
				8A4388E215971FFE00027D3C /* EdgeDetectionSampleIcon@2x.png */,
				8A4388E015971FF200027D3C /* EdgeDetectionSampleIcon.png */,
				8A4388D91597171900027D3C /* EdgeDetectionSample.cpp */,
				8A4388DB1597172300027D3C /* EdgeDetectionSample.h */,
			);
			name = "Edge Detection";
			sourceTree = "<group>";
		};
		8A4388E41597B6E500027D3C /* Contour Detection */ = {
			isa = PBXGroup;
			children = (
				8A4388E91597BD9D00027D3C /* ContourDetectionSampleIcon.png */,
				8A4388EA1597BD9D00027D3C /* ContourDetectionSampleIcon@2x.png */,
				8A4388911595CAF700027D3C /* ContourDetectionSample.cpp */,
				8A4388931595CB0300027D3C /* ContourDetectionSample.h */,
			);
			name = "Contour Detection";
			sourceTree = "<group>";
		};
		8A723FD81599B751008C72DB /* Storyboards */ = {
			isa = PBXGroup;
			children = (
				8A4388A91595DE5800027D3C /* MainStoryboard_iPhone.storyboard */,
				8A4388AC1595DE5800027D3C /* MainStoryboard_iPad.storyboard */,
			);
			name = Storyboards;
			sourceTree = "<group>";
		};
/* End PBXGroup section */

/* Begin PBXNativeTarget section */
		8A4388971595DE5800027D3C /* OpenCV Tutorial */ = {
			isa = PBXNativeTarget;
			buildConfigurationList = 8A4388B51595DE5800027D3C /* Build configuration list for PBXNativeTarget "OpenCV Tutorial" */;
			buildPhases = (
				8A4388941595DE5800027D3C /* Sources */,
				8A4388951595DE5800027D3C /* Frameworks */,
				8A4388961595DE5800027D3C /* Resources */,
			);
			buildRules = (
			);
			dependencies = (
			);
			name = "OpenCV Tutorial";
			productName = "OpenCV Tutorial";
			productReference = 8A4388981595DE5800027D3C /* OpenCV Tutorial.app */;
			productType = "com.apple.product-type.application";
		};
/* End PBXNativeTarget section */

/* Begin PBXProject section */
		8A43885B1595BC4E00027D3C /* Project object */ = {
			isa = PBXProject;
			attributes = {
				LastUpgradeCheck = 0430;
			};
			buildConfigurationList = 8A43885E1595BC4E00027D3C /* Build configuration list for PBXProject "OpenCV Tutorial" */;
			compatibilityVersion = "Xcode 3.2";
			developmentRegion = English;
			hasScannedForEncodings = 0;
			knownRegions = (
				en,
			);
			mainGroup = 8A4388591595BC4E00027D3C;
			productRefGroup = 8A4388651595BC4F00027D3C /* Products */;
			projectDirPath = "";
			projectRoot = "";
			targets = (
				8A4388971595DE5800027D3C /* OpenCV Tutorial */,
			);
		};
/* End PBXProject section */

/* Begin PBXResourcesBuildPhase section */
		8A4388961595DE5800027D3C /* Resources */ = {
			isa = PBXResourcesBuildPhase;
			buildActionMask = 2147483647;
			files = (
				8A4388AB1595DE5800027D3C /* MainStoryboard_iPhone.storyboard in Resources */,
				8A4388AE1595DE5800027D3C /* MainStoryboard_iPad.storyboard in Resources */,
				8A4388D21596E0ED00027D3C /* Icon.png in Resources */,
				8A4388D41596E10600027D3C /* Icon@2x.png in Resources */,
				8A4388D61596E11200027D3C /* Icon-72.png in Resources */,
				8A4388D81596E11700027D3C /* Icon-72@2x.png in Resources */,
				8A4388E115971FF200027D3C /* EdgeDetectionSampleIcon.png in Resources */,
				8A4388E315971FFE00027D3C /* EdgeDetectionSampleIcon@2x.png in Resources */,
				8A4388EB1597BD9D00027D3C /* ContourDetectionSampleIcon.png in Resources */,
				8A4388EC1597BD9D00027D3C /* ContourDetectionSampleIcon@2x.png in Resources */,
				8A723FE01599ECF3008C72DB /* refresh.png in Resources */,
			);
			runOnlyForDeploymentPostprocessing = 0;
		};
/* End PBXResourcesBuildPhase section */

/* Begin PBXSourcesBuildPhase section */
		8A4388941595DE5800027D3C /* Sources */ = {
			isa = PBXSourcesBuildPhase;
			buildActionMask = 2147483647;
			files = (
				8A4388A81595DE5800027D3C /* AppDelegate.mm in Sources */,
				8A4388B11595DE5800027D3C /* MasterViewController.mm in Sources */,
				8A4388B41595DE5800027D3C /* DetailViewController.mm in Sources */,
				8A4388DA1597171900027D3C /* EdgeDetectionSample.cpp in Sources */,
				8A4388DC1597189A00027D3C /* main.mm in Sources */,
				8A4388DD159718B100027D3C /* SampleBase.cpp in Sources */,
				8A4388DE159718B100027D3C /* ContourDetectionSample.cpp in Sources */,
				8A4388E81597B7BB00027D3C /* UIImage2OpenCV.mm in Sources */,
				8A723FC11599AC42008C72DB /* VideoSource.mm in Sources */,
				8A723FD71599B738008C72DB /* SampleViewController.mm in Sources */,
				8A723FDB1599BB74008C72DB /* VideoViewController.mm in Sources */,
				8A723FDE1599BB95008C72DB /* GLESImageView.mm in Sources */,
			);
			runOnlyForDeploymentPostprocessing = 0;
		};
/* End PBXSourcesBuildPhase section */

/* Begin PBXVariantGroup section */
		8A4388711595BC4F00027D3C /* InfoPlist.strings */ = {
			isa = PBXVariantGroup;
			children = (
				8A4388721595BC4F00027D3C /* en */,
			);
			name = InfoPlist.strings;
			sourceTree = "<group>";
		};
		8A4388A91595DE5800027D3C /* MainStoryboard_iPhone.storyboard */ = {
			isa = PBXVariantGroup;
			children = (
				8A4388AA1595DE5800027D3C /* en */,
			);
			name = MainStoryboard_iPhone.storyboard;
			sourceTree = "<group>";
		};
		8A4388AC1595DE5800027D3C /* MainStoryboard_iPad.storyboard */ = {
			isa = PBXVariantGroup;
			children = (
				8A4388AD1595DE5800027D3C /* en */,
			);
			name = MainStoryboard_iPad.storyboard;
			sourceTree = "<group>";
		};
/* End PBXVariantGroup section */

/* Begin XCBuildConfiguration section */
		8A4388831595BC4F00027D3C /* Debug */ = {
			isa = XCBuildConfiguration;
			buildSettings = {
				ALWAYS_SEARCH_USER_PATHS = YES;
				ARCHS = "$(ARCHS_STANDARD_32_BIT)";
				CLANG_ENABLE_OBJC_ARC = YES;
				"CODE_SIGN_IDENTITY[sdk=iphoneos*]" = "iPhone Developer";
				COPY_PHASE_STRIP = NO;
				GCC_C_LANGUAGE_STANDARD = gnu99;
				GCC_DYNAMIC_NO_PIC = NO;
				GCC_OPTIMIZATION_LEVEL = 0;
				GCC_PREPROCESSOR_DEFINITIONS = (
					"DEBUG=1",
					"$(inherited)",
				);
				GCC_SYMBOLS_PRIVATE_EXTERN = NO;
				GCC_VERSION = com.apple.compilers.llvm.clang.1_0;
				GCC_WARN_ABOUT_RETURN_TYPE = YES;
				GCC_WARN_UNINITIALIZED_AUTOS = YES;
				GCC_WARN_UNUSED_VARIABLE = YES;
				HEADER_SEARCH_PATHS = "$(SRCROOT)/opencv/include";
				IPHONEOS_DEPLOYMENT_TARGET = 5.1;
				OTHER_LDFLAGS = (
					"-lopencv_calib3d",
					"-lzlib",
					"-lopencv_contrib",
					"-lopencv_legacy",
					"-lopencv_features2d",
					"-lopencv_imgproc",
					"-lopencv_video",
					"-lopencv_core",
				);
				SDKROOT = iphoneos;
				TARGETED_DEVICE_FAMILY = "1,2";
				USER_HEADER_SEARCH_PATHS = "\"$(SRCROOT)/opencv/include\"";
			};
			name = Debug;
		};
		8A4388841595BC4F00027D3C /* Release */ = {
			isa = XCBuildConfiguration;
			buildSettings = {
				ALWAYS_SEARCH_USER_PATHS = YES;
				ARCHS = "$(ARCHS_STANDARD_32_BIT)";
				CLANG_ENABLE_OBJC_ARC = YES;
				"CODE_SIGN_IDENTITY[sdk=iphoneos*]" = "iPhone Developer";
				COPY_PHASE_STRIP = YES;
				GCC_C_LANGUAGE_STANDARD = gnu99;
				GCC_VERSION = com.apple.compilers.llvm.clang.1_0;
				GCC_WARN_ABOUT_RETURN_TYPE = YES;
				GCC_WARN_UNINITIALIZED_AUTOS = YES;
				GCC_WARN_UNUSED_VARIABLE = YES;
				HEADER_SEARCH_PATHS = "$(SRCROOT)/opencv/include";
				IPHONEOS_DEPLOYMENT_TARGET = 5.1;
				OTHER_CFLAGS = "-DNS_BLOCK_ASSERTIONS=1";
				OTHER_LDFLAGS = (
					"-lopencv_calib3d",
					"-lzlib",
					"-lopencv_contrib",
					"-lopencv_legacy",
					"-lopencv_features2d",
					"-lopencv_imgproc",
					"-lopencv_video",
					"-lopencv_core",
				);
				SDKROOT = iphoneos;
				TARGETED_DEVICE_FAMILY = "1,2";
				USER_HEADER_SEARCH_PATHS = "\"$(SRCROOT)/opencv/include\"";
				VALIDATE_PRODUCT = YES;
			};
			name = Release;
		};
		8A4388B61595DE5800027D3C /* Debug */ = {
			isa = XCBuildConfiguration;
			buildSettings = {
				ALWAYS_SEARCH_USER_PATHS = YES;
				"CODE_SIGN_IDENTITY[sdk=iphoneos*]" = "iPhone Developer";
				GCC_PRECOMPILE_PREFIX_HEADER = YES;
				GCC_PREFIX_HEADER = "OpenCV Tutorial/OpenCV Tutorial-Prefix.pch";
				HEADER_SEARCH_PATHS = "\"$(SRCROOT)/opencv/include\"";
				INFOPLIST_FILE = "OpenCV Tutorial/OpenCV Tutorial-Info.plist";
				LIBRARY_SEARCH_PATHS = "\"$(SRCROOT)/opencv/lib/debug\"";
				PRODUCT_NAME = "$(TARGET_NAME)";
				WRAPPER_EXTENSION = app;
			};
			name = Debug;
		};
		8A4388B71595DE5800027D3C /* Release */ = {
			isa = XCBuildConfiguration;
			buildSettings = {
				ALWAYS_SEARCH_USER_PATHS = YES;
				"CODE_SIGN_IDENTITY[sdk=iphoneos*]" = "iPhone Developer";
				GCC_PRECOMPILE_PREFIX_HEADER = YES;
				GCC_PREFIX_HEADER = "OpenCV Tutorial/OpenCV Tutorial-Prefix.pch";
				HEADER_SEARCH_PATHS = "\"$(SRCROOT)/opencv/include\"";
				INFOPLIST_FILE = "OpenCV Tutorial/OpenCV Tutorial-Info.plist";
				LIBRARY_SEARCH_PATHS = "\"$(SRCROOT)/opencv/lib/release\"";
				PRODUCT_NAME = "$(TARGET_NAME)";
				WRAPPER_EXTENSION = app;
			};
			name = Release;
		};
/* End XCBuildConfiguration section */

/* Begin XCConfigurationList section */
		8A43885E1595BC4E00027D3C /* Build configuration list for PBXProject "OpenCV Tutorial" */ = {
			isa = XCConfigurationList;
			buildConfigurations = (
				8A4388831595BC4F00027D3C /* Debug */,
				8A4388841595BC4F00027D3C /* Release */,
			);
			defaultConfigurationIsVisible = 0;
			defaultConfigurationName = Release;
		};
		8A4388B51595DE5800027D3C /* Build configuration list for PBXNativeTarget "OpenCV Tutorial" */ = {
			isa = XCConfigurationList;
			buildConfigurations = (
				8A4388B61595DE5800027D3C /* Debug */,
				8A4388B71595DE5800027D3C /* Release */,
			);
			defaultConfigurationIsVisible = 0;
			defaultConfigurationName = Release;
		};
/* End XCConfigurationList section */
	};
	rootObject = 8A43885B1595BC4E00027D3C /* Project object */;
}
